{
    "version": 3,
    "terraform_version": "0.11.7",
    "serial": 284,
    "lineage": "3732286b-2d9d-3c24-9104-0bd8e317e043",
    "modules": [
        {
            "path": [
                "root"
            ],
            "outputs": {},
            "resources": {
                "aws_db_instance.default": {
                    "type": "aws_db_instance",
                    "depends_on": [
                        "aws_db_subnet_group.dbsubnet",
                        "aws_security_group.FrontEnd"
                    ],
                    "primary": {
                        "id": "terraform-20180515195907726300000002",
                        "attributes": {
                            "address": "terraform-20180515195907726300000002.ct7lgzsrlxwd.us-east-1.rds.amazonaws.com",
                            "allocated_storage": "10",
                            "arn": "arn:aws:rds:us-east-1:346310308399:db:terraform-20180515195907726300000002",
                            "auto_minor_version_upgrade": "true",
                            "availability_zone": "us-east-1b",
                            "backup_retention_period": "0",
                            "backup_window": "09:18-09:48",
                            "ca_cert_identifier": "rds-ca-2015",
                            "copy_tags_to_snapshot": "false",
                            "db_subnet_group_name": "terraform-20180515195838228800000001",
                            "enabled_cloudwatch_logs_exports.#": "0",
                            "endpoint": "terraform-20180515195907726300000002.ct7lgzsrlxwd.us-east-1.rds.amazonaws.com:3306",
                            "engine": "mysql",
                            "engine_version": "5.7.21",
                            "hosted_zone_id": "Z2R2ITUGPM61AM",
                            "iam_database_authentication_enabled": "false",
                            "id": "terraform-20180515195907726300000002",
                            "identifier": "terraform-20180515195907726300000002",
                            "instance_class": "db.t2.micro",
                            "iops": "0",
                            "kms_key_id": "",
                            "license_model": "general-public-license",
                            "maintenance_window": "tue:08:29-tue:08:59",
                            "monitoring_interval": "0",
                            "multi_az": "false",
                            "name": "ejs",
                            "option_group_name": "default:mysql-5-7",
                            "parameter_group_name": "default.mysql5.7",
                            "password": "initial123",
                            "port": "3306",
                            "publicly_accessible": "false",
                            "replicas.#": "0",
                            "replicate_source_db": "",
                            "resource_id": "db-FEDBOKIS46SX7DGCMF2DEGQKCY",
                            "security_group_names.#": "0",
                            "skip_final_snapshot": "true",
                            "status": "available",
                            "storage_encrypted": "false",
                            "storage_type": "gp2",
                            "tags.%": "0",
                            "timezone": "",
                            "username": "sa",
                            "vpc_security_group_ids.#": "1",
                            "vpc_security_group_ids.1665533650": "sg-79db7131"
                        },
                        "meta": {
                            "e2bfb730-ecaa-11e6-8f88-34363bc7c4c0": {
                                "create": 2400000000000,
                                "delete": 2400000000000,
                                "update": 4800000000000
                            }
                        },
                        "tainted": false
                    },
                    "deposed": [],
                    "provider": "provider.aws"
                },
                "aws_db_subnet_group.dbsubnet": {
                    "type": "aws_db_subnet_group",
                    "depends_on": [
                        "aws_subnet.PublicAZA",
                        "aws_subnet.PublicAZB"
                    ],
                    "primary": {
                        "id": "terraform-20180515195838228800000001",
                        "attributes": {
                            "arn": "arn:aws:rds:us-east-1:346310308399:subgrp:terraform-20180515195838228800000001",
                            "description": "Managed by Terraform",
                            "id": "terraform-20180515195838228800000001",
                            "name": "terraform-20180515195838228800000001",
                            "subnet_ids.#": "2",
                            "subnet_ids.2365515498": "subnet-89619fa7",
                            "subnet_ids.312728859": "subnet-aba767cc",
                            "tags.%": "0"
                        },
                        "meta": {},
                        "tainted": false
                    },
                    "deposed": [],
                    "provider": "provider.aws"
                },
                "aws_eip.forNat": {
                    "type": "aws_eip",
                    "depends_on": [],
                    "primary": {
                        "id": "eipalloc-212cdd29",
                        "attributes": {
                            "association_id": "",
                            "domain": "vpc",
                            "id": "eipalloc-212cdd29",
                            "instance": "",
                            "network_interface": "",
                            "private_ip": "",
                            "public_ip": "52.72.188.100",
                            "tags.%": "0",
                            "vpc": "true"
                        },
                        "meta": {
                            "e2bfb730-ecaa-11e6-8f88-34363bc7c4c0": {
                                "delete": 180000000000,
                                "read": 900000000000,
                                "update": 300000000000
                            }
                        },
                        "tainted": false
                    },
                    "deposed": [],
                    "provider": "provider.aws"
                },
                "aws_iam_instance_profile.ssm_profile": {
                    "type": "aws_iam_instance_profile",
                    "depends_on": [
                        "aws_iam_role.ssm_role"
                    ],
                    "primary": {
                        "id": "ssm_profile",
                        "attributes": {
                            "arn": "arn:aws:iam::346310308399:instance-profile/ssm_profile",
                            "id": "ssm_profile",
                            "name": "ssm_profile",
                            "path": "/",
                            "role": "ssm_role",
                            "roles.#": "0",
                            "unique_id": "AIPAJ7DFXSL6VTR7KXRAO"
                        },
                        "meta": {},
                        "tainted": false
                    },
                    "deposed": [],
                    "provider": "provider.aws"
                },
                "aws_iam_role.ssm_role": {
                    "type": "aws_iam_role",
                    "depends_on": [],
                    "primary": {
                        "id": "ssm_role",
                        "attributes": {
                            "arn": "arn:aws:iam::346310308399:role/ssm_role",
                            "assume_role_policy": "{\"Version\":\"2012-10-17\",\"Statement\":[{\"Sid\":\"\",\"Effect\":\"Allow\",\"Principal\":{\"Service\":\"ec2.amazonaws.com\"},\"Action\":\"sts:AssumeRole\"}]}",
                            "create_date": "2018-05-15T19:58:34Z",
                            "force_detach_policies": "false",
                            "id": "ssm_role",
                            "max_session_duration": "3600",
                            "name": "ssm_role",
                            "path": "/",
                            "unique_id": "AROAJODQ7GY6O532EOM4W"
                        },
                        "meta": {},
                        "tainted": false
                    },
                    "deposed": [],
                    "provider": "provider.aws"
                },
                "aws_instance.apache": {
                    "type": "aws_instance",
                    "depends_on": [
                        "aws_iam_instance_profile.ssm_profile",
                        "aws_security_group.FrontEnd",
                        "aws_subnet.PublicAZA"
                    ],
                    "primary": {
                        "id": "i-0cbbb005b17042bb0",
                        "attributes": {
                            "ami": "ami-1853ac65",
                            "associate_public_ip_address": "true",
                            "availability_zone": "us-east-1a",
                            "disable_api_termination": "false",
                            "ebs_block_device.#": "0",
                            "ebs_optimized": "false",
                            "ephemeral_block_device.#": "0",
                            "get_password_data": "false",
                            "iam_instance_profile": "ssm_profile",
                            "id": "i-0cbbb005b17042bb0",
                            "instance_state": "running",
                            "instance_type": "t2.micro",
                            "ipv6_addresses.#": "0",
                            "key_name": "ej_key_pair",
                            "monitoring": "false",
                            "network_interface.#": "0",
                            "network_interface_id": "eni-e0596d63",
                            "password_data": "",
                            "placement_group": "",
                            "primary_network_interface_id": "eni-e0596d63",
                            "private_dns": "ip-172-28-0-192.ec2.internal",
                            "private_ip": "172.28.0.192",
                            "public_dns": "ec2-54-208-85-245.compute-1.amazonaws.com",
                            "public_ip": "54.208.85.245",
                            "root_block_device.#": "1",
                            "root_block_device.0.delete_on_termination": "true",
                            "root_block_device.0.iops": "100",
                            "root_block_device.0.volume_id": "vol-0dc71bedcb0e70e7d",
                            "root_block_device.0.volume_size": "8",
                            "root_block_device.0.volume_type": "gp2",
                            "security_groups.#": "0",
                            "source_dest_check": "true",
                            "subnet_id": "subnet-aba767cc",
                            "tags.%": "2",
                            "tags.Environment": "Test",
                            "tags.Name": "apache",
                            "tenancy": "default",
                            "user_data_base64": "I2Nsb3VkLWNvbmZpZwplY2hvICIjIyMjIyMjIyMjIyMjIyMjIyMjIyMjIyMjIyMjIyMjIyMjIyMjIyMjIyMjIyMjIyMjIyMjIyMjIyMjIyMjIyMjIyMjIyMjIyMjIyMjIyMjIyMjIgplY2hvICIjIyMjIyBFSidzIHVzZXJfZGF0YS5zaCAjIyMjIyMjIyMjIyMjIyMjIyMjIyMjIyMjIyMjIyMjIyMjIyMjIyMjIyMjIyMjIyMjIyMjIyMjIyMjIgplY2hvICIjIyMjIyMjIyMjIyMjIyMjIyMjIyMjIyMjIyMjIyMjIyMjIyMjIyMjIyMjIyMjIyMjIyMjIyMjIyMjIyMjIyMjIyMjIyMjIyMjIyMjIyMjIyMjIgp0b3VjaCAvdG1wL2VqX3dhc19oZXJlLnR4dAplY2hvICJlal93YXNfaW5zaWRlX3RoZV9maWxlIiA+PiAvdG1wL2VqX3dhc19oZXJlLnR4dAplY2hvICIjIyMjIyMjIyMjIyMjIyMjIyMjIyMjIyMjIyMjIyMjIyMjIyMjIyMjIyMjIyMjIyMjIyMjIyMjIyMjIyMjIyMjIyMjIyMjIyMjIyMjIyMjIyMjIgojcGFja2FnZV91cGRhdGU6IHRydWUKI3BhY2thZ2VfdXBncmFkZTogdHJ1ZQojcGFja2FnZXM6CnN1ZG8geXVtIHVwZ3JhZGUgcHl0aG9uLXBpcCBqcSBiYyBnaXQgaHR0cGQ2IHBocDU2LW15c3FsbmQgaHR0cGQKICBlY2hvICIjIyMjIyMjIyMjIyMjIyMjIyMjIyMjIyMjIyMjIyMjIyMjIyMjIyMjIyMjIyMjIyMjIyMjIyMjIyMjIyMjIyMjIyMjIyMjIyMjIyMjIyMjIyMjIgogIGVjaG8gIiMjIyMjIGNvcHkga2V5cyAjIyMjIyMjIyMjIyMjIyMjIyMjIyMjIyMjIyMjIyMjIyMjIyMjIyMjIyMjIyMjIyMjIyMjIyMjIyMjIyMjIyMjIyMiCiAgZWNobyAiIyMjIyMjIyMjIyMjIyMjIyMjIyMjIyMjIyMjIyMjIyMjIyMjIyMjIyMjIyMjIyMjIyMjIyMjIyMjIyMjIyMjIyMjIyMjIyMjIyMjIyMjIyMjIyIKICAjcmV0cnkoKSB7CiAgIyAgZm9yIGkgaW4gezEuLjE1fTsgZG8KICAjICAgIGV2YWwgJEAgJiYgcmV0dXJuX3N0YXR1cz0kPyAmJiBicmVhayB8fCByZXR1cm5fc3RhdHVzPSQ/ICYmIHNsZWVwIDMwOwogICMgIGRvbmUKICAjICByZXR1cm4gJCR7cmV0dXJuX3N0YXR1c30KICAjfQogIHN1ZG8gY3AgL2hvbWUvZWMyLXVzZXIvLnNzaC9pZF9yc2EgICAgICAgICAgL3Jvb3QvLnNzaC9pZF9yc2EKICBzdWRvIGNwIC9ob21lL2VjMi11c2VyLy5zc2gvaWRfcnNhLnB1YiAgICAgIC9yb290Ly5zc2gvaWRfcnNhLnB1YgogIHN1ZG8gY3AgL2hvbWUvZWMyLXVzZXIvLnNzaC9lal9rZXlfcGFpci5wZW0gL3Jvb3QvLnNzaC9lal9rZXlfcGFpci5wZW0KICBzdWRvIGNobW9kIC12IDQwMCAvcm9vdC8uc3NoLyoKICBlY2hvICIjIyMjIyMjIyMjIyMjIyMjIyMjIyMjIyMjIyMjIyMjIyMjIyMjIyMjIyMjIyMjIyMjIyMjIyMjIyMjIyMjIyMjIyMjIyMjIyMjIyMjIyMjIyMjIgogIGVjaG8gIiMjIyMjIFNldHRpbmcgSG9zdCBEZXRhaWxzICMjIyMjIyMjIyMjIyMjIyMjIyMjIyMjIyMjIyMjIyMjIyMjIyMjIyMjIyMjIyMjIyMjIyMjIyMiCiAgZWNobyAiIyMjIyMjIyMjIyMjIyMjIyMjIyMjIyMjIyMjIyMjIyMjIyMjIyMjIyMjIyMjIyMjIyMjIyMjIyMjIyMjIyMjIyMjIyMjIyMjIyMjIyMjIyMjIyIKICBzdWRvIG1rZGlyIC9ldGMvY2hlZgogIHN1ZG8gc2VkIC1pICJzL2xvY2FsaG9zdC5sb2NhbGRvbWFpbi9hcGFjaGUvZyIgL2V0Yy9zeXNjb25maWcvbmV0d29yawogIHN1ZG8gZWNobyAiJChjdXJsICdodHRwOi8vMTY5LjI1NC4xNjkuMjU0L2xhdGVzdC9tZXRhLWRhdGEvcHVibGljLWlwdjQnKSBhcGFjaGUiID4gL2V0Yy9ob3N0cwogIHN1ZG8gaG9zdG5hbWUgYXBhY2hlCiAgIyMjIyBzZXR1cCByZWRoYXQgIyMjIwogIHN1ZG8gY2htb2QgNjAwIC9lYzItdXNlci8uc3NoL2VqX2tleV9wYWlyLnBlbQogIHN1ZG8gdG91Y2ggICAgIC9lYzItdXNlci9zc2EucGVtCiAgc3VkbyBjaG1vZCA3NzcgL2VjMi11c2VyL3NzYS5wZW0KICBzdWRvIHRvdWNoICAgICAvZXRjL2NoZWYvc3NhLnBlbQogIHN1ZG8gY2htb2QgNzc3IC9ldGMvY2hlZi9zc2EucGVtCiAgZWNobyAiIyMjIyMjIyMjIyMjIyMjIyMjIyMjIyMjIyMjIyMjIyMjIyMjIyMjIyMjIyMjIyMjIyMjIyMjIyMjIyMjIyMjIyMjIyMjIyMjIyMjIyMjIyMjIyIKICBlY2hvICIjIyMjIGdldHRpbmcgc3NhLnBlbSAjIyMjIyMjIyMjIyMjIyMjIyMjIyMjIyMjIyMjIyMjIyMjIyMjIyMjIyMjIyMjIyMjIyMjIyMjIyMjIyMjIgogIGVjaG8gIiMjIyMjIyMjIyMjIyMjIyMjIyMjIyMjIyMjIyMjIyMjIyMjIyMjIyMjIyMjIyMjIyMjIyMjIyMjIyMjIyMjIyMjIyMjIyMjIyMjIyMjIyMjIyMiCiAgc3VkbyBzY3AgLW8gIlN0cmljdEhvc3RLZXlDaGVja2luZyBubyIgLWkgfi8uc3NoL2VqX2tleV9wYWlyLnBlbSBlYzItdXNlckBjaGVmc2VydmVyLmVyaWNoLmNvbTovaG9tZS9lYzItdXNlci8uY2hlZi9zc2EucGVtIC9ldGMvY2hlZgogIHN1ZG8gY2htb2QgLXYgNDAwIC9ldGMvY2hlZi8qCiAgbHMgLWxhdHIgL2V0Yy9jaGVmCiAgZWNobyAiIyMjIyMjIyMjIyMjIyMjIyMjIyMjIyMjIyMjIyMjIyMjIyMjIyMjIyMjIyMjIyMjIyMjIyMjIyMjIyMjIyMjIyMjIyMjIyMjIyMjIyMjIyMjIyIKICBlY2hvICIjIyMjIHN1ZG8gcm0gL3Zhci9saWIvcnBtLy5ycG0ubG9jayAjIyMjIyMjIyMjIyMjIyMjIyMjIyMjIyMjIyMjIyMjIyMjIyMjIyMjIyMjIyMjIgogIGVjaG8gIiMjIyMjIyMjIyMjIyMjIyMjIyMjIyMjIyMjIyMjIyMjIyMjIyMjIyMjIyMjIyMjIyMjIyMjIyMjIyMjIyMjIyMjIyMjIyMjIyMjIyMjIyMjIyMiCiAgc3VkbyBybSAvdmFyL2xpYi9ycG0vLnJwbS5sb2NrCiAgZWNobyAiIyMjIyMjIyMjIyMjIyMjIyMjIyMjIyMjIyMjIyMjIyMjIyMjIyMjIyMjIyMjIyMjIyMjIyMjIyMjIyMjIyMjIyMjIyMjIyMjIyMjIyMjIyMjIyIKICBlY2hvICIjIyMjIHN1ZG8gc3UgIyMjIyMjIyMjIyMjIyMjIyMjIyMjIyMjIyMjIyMjIyMjIyMjIyMjIyMjIyMjIyMjIyMjIyMjIyMjIyMjIyMjIyMjIyMjIgogIGVjaG8gIiMjIyMjIyMjIyMjIyMjIyMjIyMjIyMjIyMjIyMjIyMjIyMjIyMjIyMjIyMjIyMjIyMjIyMjIyMjIyMjIyMjIyMjIyMjIyMjIyMjIyMjIyMjIyMiCiAgc3VkbyBzdQogIGVjaG8gIiMjIyMjIyMjIyMjIyMjIyMjIyMjIyMjIyMjIyMjIyMjIyMjIyMjIyMjIyMjIyMjIyMjIyMjIyMjIyMjIyMjIyMjIyMjIyMjIyMjIyMjIyMjIyMiCiAgZWNobyAiIyMjIyB3aG9hbWkgIyMjIyMjIyMjIyMjIyMjIyMjIyMjIyMjIyMjIyMjIyMjIyMjIyMjIyMjIyMjIyMjIyMjIyMjIyMjIyMjIyMjIyMjIyMjIyIKICBlY2hvICIjIyMjIyMjIyMjIyMjIyMjIyMjIyMjIyMjIyMjIyMjIyMjIyMjIyMjIyMjIyMjIyMjIyMjIyMjIyMjIyMjIyMjIyMjIyMjIyMjIyMjIyMjIyMjIgogIHdob2FtaQogIGVjaG8gIiMjIyMjIyMjIyMjIyMjIyMjIyMjIyMjIyMjIyMjIyMjIyMjIyMjIyMjIyMjIyMjIyMjIyMjIyMjIyMjIyMjIyMjIyMjIyMjIyMjIyMjIyMjIyMiCiAgZWNobyAiIyMjIyBjdXJsIC1MIGh0dHBzOi8vd3d3Lm9wc2NvZGUuY29tL2NoZWYvaW5zdGFsbC5zaCB8IGJhc2ggIyMjIyMjIyMjIyMjIyMjIyMjIyMjIyIKICBlY2hvICIjIyMjIyMjIyMjIyMjIyMjIyMjIyMjIyMjIyMjIyMjIyMjIyMjIyMjIyMjIyMjIyMjIyMjIyMjIyMjIyMjIyMjIyMjIyMjIyMjIyMjIyMjIyMjIgogIHN1ZG8gY3VybCAtTCBodHRwczovL3d3dy5vcHNjb2RlLmNvbS9jaGVmL2luc3RhbGwuc2ggfCBiYXNoCiAgZWNobyAiIyMjIyMjIyMjIyMjIyMjIyMjIyMjIyMjIyMjIyMjIyMjIyMjIyMjIyMjIyMjIyMjIyMjIyMjIyMjIyMjIyMjIyMjIyMjIyMjIyMjIyMjIyMjIyIKICBlY2hvICIjIyMjIyBjb25maWcgY2hlZiBjbGllbnQgIyMjIyMjIyMjIyMjIyMjIyMjIyMjIyMjIyMjIyMjIyMjIyMjIyMjIyMjIyMjIyMjIyMjIyMjIyMjIgogIGVjaG8gIiMjIyMjIyMjIyMjIyMjIyMjIyMjIyMjIyMjIyMjIyMjIyMjIyMjIyMjIyMjIyMjIyMjIyMjIyMjIyMjIyMjIyMjIyMjIyMjIyMjIyMjIyMjIyMiCiAgc3VkbyB0b3VjaCAvZXRjL2NoZWYvY2xpZW50LnJiCiAgc3VkbyBjaG1vZCAtUiA3NzcgL2V0Yy9jaGVmLwogIHN1ZG8gZWNobyAibG9nX2xldmVsICAgICAgICA6aW5mbyIgPj4gL2V0Yy9jaGVmL2NsaWVudC5yYgogIHN1ZG8gZWNobyAibG9nX2xvY2F0aW9uICAgICBTVERPVVQiID4+IC9ldGMvY2hlZi9jbGllbnQucmIKICBzdWRvIGVjaG8gImNoZWZfc2VydmVyX3VybCAgXCJodHRwczovL2NoZWZzZXJ2ZXIuZXJpY2guY29tL29yZ2FuaXphdGlvbnMvc3NhXCIiID4+IC9ldGMvY2hlZi9jbGllbnQucmIKICBzdWRvIGVjaG8gInZhbGlkYXRpb25fY2xpZW50X25hbWUgXCJzc2EtdmFsaWRhdG9yXCIiICA+PiAvZXRjL2NoZWYvY2xpZW50LnJiCiAgc3VkbyBlY2hvICJzc2xfdmVyaWZ5X21vZGUgOnZlcmlmeV9ub25lICIgPj4gL2V0Yy9jaGVmL2NsaWVudC5yYgogIGVjaG8gIiMjIyMjIyMjIyMjIyMjIyMjIyMjIyMjIyMjIyMjIyMjIyMjIyMjIyMjIyMjIyMjIyMjIyMjIyMjIyMjIyMjIyMjIyMjIyMjIyMjIyMjIyMjIyMiCiAgZWNobyAiIyMjIyMgIyMjIyBydW4gY2hlZiBjbGllbnQgIyMjIyMjIyMjIyMjIyMjIyMjIyMjIyMjIyMjIyMjIyMjIyMjIyMjIyMjIyMjIyMjIyMjIyMjIyIKICBlY2hvICIjIyMjIyMjIyMjIyMjIyMjIyMjIyMjIyMjIyMjIyMjIyMjIyMjIyMjIyMjIyMjIyMjIyMjIyMjIyMjIyMjIyMjIyMjIyMjIyMjIyMjIyMjIyMjIgogIHN1ZG8gY2hlZi1jbGllbnQgLVMgaHR0cHM6Ly9jaGVmc2VydmVyLmVyaWNoLmNvbS9vcmdhbml6YXRpb25zL3NzYSAtSyAvZXRjL2NoZWYvc3NhLnBlbQogIHN1ZG8gc2VydmljZSBodHRwZCBzdGFydAogIHN1ZG8gY2hrY29uZmlnIGh0dHBkIG9uCg==",
                            "volume_tags.%": "0",
                            "vpc_security_group_ids.#": "1",
                            "vpc_security_group_ids.1665533650": "sg-79db7131"
                        },
                        "meta": {
                            "e2bfb730-ecaa-11e6-8f88-34363bc7c4c0": {
                                "create": 600000000000,
                                "delete": 1200000000000,
                                "update": 600000000000
                            },
                            "schema_version": "1"
                        },
                        "tainted": false
                    },
                    "deposed": [],
                    "provider": "provider.aws"
                },
                "aws_instance.chefserver": {
                    "type": "aws_instance",
                    "depends_on": [
                        "aws_iam_instance_profile.ssm_profile",
                        "aws_security_group.FrontEnd",
                        "aws_subnet.PublicAZA"
                    ],
                    "primary": {
                        "id": "i-02f21e33b3d5403cd",
                        "attributes": {
                            "ami": "ami-1853ac65",
                            "associate_public_ip_address": "true",
                            "availability_zone": "us-east-1a",
                            "disable_api_termination": "false",
                            "ebs_block_device.#": "0",
                            "ebs_optimized": "false",
                            "ephemeral_block_device.#": "0",
                            "get_password_data": "false",
                            "iam_instance_profile": "ssm_profile",
                            "id": "i-02f21e33b3d5403cd",
                            "instance_state": "running",
                            "instance_type": "t2.small",
                            "ipv6_addresses.#": "0",
                            "key_name": "ej_key_pair",
                            "monitoring": "false",
                            "network_interface.#": "0",
                            "network_interface_id": "eni-655a6ee6",
                            "password_data": "",
                            "placement_group": "",
                            "primary_network_interface_id": "eni-655a6ee6",
                            "private_dns": "ip-172-28-0-53.ec2.internal",
                            "private_ip": "172.28.0.53",
                            "public_dns": "ec2-34-205-177-68.compute-1.amazonaws.com",
                            "public_ip": "34.205.177.68",
                            "root_block_device.#": "1",
                            "root_block_device.0.delete_on_termination": "true",
                            "root_block_device.0.iops": "100",
                            "root_block_device.0.volume_id": "vol-0680515c2fcd4b01f",
                            "root_block_device.0.volume_size": "8",
                            "root_block_device.0.volume_type": "gp2",
                            "security_groups.#": "0",
                            "source_dest_check": "true",
                            "subnet_id": "subnet-aba767cc",
                            "tags.%": "2",
                            "tags.Environment": "Test",
                            "tags.Name": "chefserver",
                            "tenancy": "default",
                            "user_data_base64": "I2Nsb3VkLWNvbmZpZwoKcGFja2FnZV91cGRhdGU6IHRydWUKcGFja2FnZV91cGdyYWRlOiB0cnVlCnBhY2thZ2VzOgotIHB5dGhvbi1waXAKLSBqcQotIGJjCi0gZ2l0CgpjaGVmX2Jvb3RzdHJhcDoKLSAmY2hlZl9ib290c3RyYXAgfAogIGVjaG8gIiMjIyMjIyMjIyMjIyMjIyMjIyMjIyMjIyMjIyMjIyMjIyMjIyMjIyMjIyMjIyMjIyMjIyMjIyMjIyMjIyMjIyMjIyMjIyMjIyMjIyMjIyMjIyMiCiAgZWNobyAiIyMjIyMgY29weSBrZXlzICMjIyMjIyMjIyMjIyMjIyMjIyMjIyMjIyMjIyMjIyMjIyMjIyMjIyMjIyMjIyMjIyMjIyMjIyMjIyMjIyMjIyMjIyIKICBlY2hvICIjIyMjIyMjIyMjIyMjIyMjIyMjIyMjIyMjIyMjIyMjIyMjIyMjIyMjIyMjIyMjIyMjIyMjIyMjIyMjIyMjIyMjIyMjIyMjIyMjIyMjIyMjIyMjIgogIHJldHJ5KCkgewogICAgZm9yIGkgaW4gezEuLjE1fTsgZG8KICAgICAgZXZhbCAkQCAmJiByZXR1cm5fc3RhdHVzPSQ/ICYmIGJyZWFrIHx8IHJldHVybl9zdGF0dXM9JD8gJiYgc2xlZXAgMzA7CiAgICBkb25lCiAgICByZXR1cm4gJCR7cmV0dXJuX3N0YXR1c30KICB9CiAgY3AgL2hvbWUvZWMyLXVzZXIvLnNzaC9pZF9yc2EgICAgICAgICAgL3Jvb3QvLnNzaC9pZF9yc2EKICBjcCAvaG9tZS9lYzItdXNlci8uc3NoL2lkX3JzYS5wdWIgICAgICAvcm9vdC8uc3NoL2lkX3JzYS5wdWIKICBjcCAvaG9tZS9lYzItdXNlci8uc3NoL2VqX2tleV9wYWlyLnBlbSAvcm9vdC8uc3NoL2VqX2tleV9wYWlyLnBlbQogIGVjaG8gIiMjIyMjIyMjIyMjIyMjIyMjIyMjIyMjIyMjIyMjIyMjIyMjIyMjIyMjIyMjIyMjIyMjIyMjIyMjIyMjIyMjIyMjIyMjIyMjIyMjIyMjIyMjIyMiCiAgZWNobyAiIyMjIyMgU2V0dGluZyBIb3N0IERldGFpbHMgIyMjIyMjIyMjIyMjIyMjIyMjIyMjIyMjIyMjIyMjIyMjIyMjIyMjIyMjIyMjIyMjIyMjIyMjIyIKICBlY2hvICIjIyMjIyMjIyMjIyMjIyMjIyMjIyMjIyMjIyMjIyMjIyMjIyMjIyMjIyMjIyMjIyMjIyMjIyMjIyMjIyMjIyMjIyMjIyMjIyMjIyMjIyMjIyMjIgogIHNlZCAtaSAicy9sb2NhbGhvc3QubG9jYWxkb21haW4vY2hlZnNlcnZlci9nIiAvZXRjL3N5c2NvbmZpZy9uZXR3b3JrCiAgc3VkbyBlY2hvICIkKGN1cmwgJ2h0dHA6Ly8xNjkuMjU0LjE2OS4yNTQvbGF0ZXN0L21ldGEtZGF0YS9wdWJsaWMtaXB2NCcpIGNoZWZzZXJ2ZXIiID4gL2V0Yy9ob3N0cwogIGhvc3RuYW1lIGNoZWZzZXJ2ZXIKICBlY2hvICIjIyMjIyMjIyMjIyMjIyMjIyMjIyMjIyMjIyMjIyMjIyMjIyMjIyMjIyMjIyMjIyMjIyMjIyMjIyMjIyMjIyMjIyMjIyMjIyMjIyMjIyMjIyMjIgogIGVjaG8gIiMjIyMjIGluc3RhbGwgY2hlZiAjIyMjIyMjIyMjIyMjIyMjIyMjIyMjIyMjIyMjIyMjIyMjIyMjIyMjIyMjIyMjIyMjIyMjIyMjIyMjIyMjIyMiCiAgZWNobyAiIyMjIyMjIyMjIyMjIyMjIyMjIyMjIyMjIyMjIyMjIyMjIyMjIyMjIyMjIyMjIyMjIyMjIyMjIyMjIyMjIyMjIyMjIyMjIyMjIyMjIyMjIyMjIyIKICBta2RpciAvdXNyL2xpYi9zeXN0ZW1kCiAgbWtkaXIgL3Vzci9saWIvc3lzdGVtZC9zeXN0ZW0KICB3Z2V0IGh0dHBzOi8vcGFja2FnZXMuY2hlZi5pby9maWxlcy9zdGFibGUvY2hlZi1zZXJ2ZXIvMTIuMTcuMzMvZWwvNy9jaGVmLXNlcnZlci1jb3JlLTEyLjE3LjMzLTEuZWw3Lng4Nl82NC5ycG0KICBycG0gLWl2aCBjaGVmLXNlcnZlci1jb3JlLTEyLjE3LjMzLTEuZWw3Lng4Nl82NC5ycG0KICBlY2hvICIjIyMjIyMjIyMjIyMjIyMjIyMjIyMjIyMjIyMjIyMjIyMjIyMjIyMjIyMjIyMjIyMjIyMjIyMjIyMjIyMjIyMjIyMjIyMjIyMjIyMjIyMjIyMjIgogIGVjaG8gIiMjIyMjIGNoZWYtc2VydmVyLWN0bCByZWNvbmZpZ3VyZSAjIyMjIyMjIyMjIyMjIyMjIyMjIyMjIyMjIyMjIyMjIyMjIyMjIyMjIyMjIgogIGVjaG8gIiMjIyMjIyMjIyMjIyMjIyMjIyMjIyMjIyMjIyMjIyMjIyMjIyMjIyMjIyMjIyMjIyMjIyMjIyMjIyMjIyMjIyMjIyMjIyMjIyMjIyMjIyMjIyMiCiAgY2hlZi1zZXJ2ZXItY3RsIHJlY29uZmlndXJlCiAgY2hlZi1zZXJ2ZXItY3RsIHJlY29uZmlndXJlCiAgY2hlZi1zZXJ2ZXItY3RsIHJlY29uZmlndXJlCiAgZWNobyAiIyMjIyMjIyMjIyMjIyMjIyMjIyMjIyMjIyMjIyMjIyMjIyMjIyMjIyMjIyMjIyMjIyMjIyMjIyMjIyMjIyMjIyMjIyMjIyMjIyMjIyMjIyMjIyIKICBlY2hvICIjIyMjIyBjaGVmLXNlcnZlci1jdGwgc3RhdHVzICMjIyMjIyMjIyMjIyMjIyMjIyMjIyMjIyMjIyMjIyMjIyMjIyMjIyMjIyMjIyMjIyIKICBlY2hvICIjIyMjIyMjIyMjIyMjIyMjIyMjIyMjIyMjIyMjIyMjIyMjIyMjIyMjIyMjIyMjIyMjIyMjIyMjIyMjIyMjIyMjIyMjIyMjIyMjIyMjIyMjIyMjIgogIGNwIC9vcHQvb3BzY29kZS9lbWJlZGRlZC9zZXJ2aWNlL29tbmlidXMtY3RsL3NwZWMvZml4dHVyZXMvcGl2b3RhbC5wZW0gL2V0Yy9vcHNjb2RlLwogIGNoZWYtc2VydmVyLWN0bCBzdGF0dXMKICBlY2hvICIjIyMjIyMjIyMjIyMjIyMjIyMjIyMjIyMjIyMjIyMjIyMjIyMjIyMjIyMjIyMjIyMjIyMjIyMjIyMjIyMjIyMjIyMjIyMjIyMjIyMjIyMjIyMjIgogIGVjaG8gIiMjIyMjIHJtL21rZGlyIC97cm9vdCxob21lL2VjMi11c2VyfS8uY2hlZiAjIyMjIyMjIyMjIyMjIyMjIyMjIyMjIyMjIyMjIyMjIyMjIyMjIyMiCiAgZWNobyAiIyMjIyMjIyMjIyMjIyMjIyMjIyMjIyMjIyMjIyMjIyMjIyMjIyMjIyMjIyMjIyMjIyMjIyMjIyMjIyMjIyMjIyMjIyMjIyMjIyMjIyMjIyMjIyIKICBybSAtUmYgL3Jvb3QvLmNoZWYKICBta2RpciAvcm9vdC8uY2hlZgogIG1rZGlyIC9ob21lL2VjMi11c2VyLy5jaGVmCiAgZWNobyAiIyMjIyMjIyMjIyMjIyMjIyMjIyMjIyMjIyMjIyMjIyMjIyMjIyMjIyMjIyMjIyMjIyMjIyMjIyMjIyMjIyMjIyMjIyMjIyMjIyMjIyMjIyMjIyIKICBlY2hvICIjIyMjIyBjaGVmLXNlcnZlci1jdGwgdXNlci1jcmVhdGUgZWogZWogYmVzdCBlakBlcmljaC5jb20gNjY2NjY2IC0tZmlsZW5hbWUgL2hvbWUvZWMyLXVzZXIvLmNoZWYvZWoucGVtIgogIGVjaG8gIiMjIyMjIGNoZWYtc2VydmVyLWN0bCBvcmctY3JlYXRlIHNzYSBTU0EgLS1hc3NvY2lhdGlvbl91c2VyIGVqIC0tZmlsZW5hbWUgICAvaG9tZS9lYzItdXNlci8uY2hlZi9zc2EucGVtIgogIGVjaG8gIiMjIyMjIyMjIyMjIyMjIyMjIyMjIyMjIyMjIyMjIyMjIyMjIyMjIyMjIyMjIyMjIyMjIyMjIyMjIyMjIyMjIyMjIyMjIyMjIyMjIyMjIyMjIyMiCiAgY2hlZi1zZXJ2ZXItY3RsIHVzZXItY3JlYXRlIGVqIGVqIGJlc3QgZWpAZXJpY2guY29tIDY2NjY2NiAtLWZpbGVuYW1lIC9ob21lL2VjMi11c2VyLy5jaGVmL2VqLnBlbQogIGNoZWYtc2VydmVyLWN0bCBvcmctY3JlYXRlIHNzYSBTU0EgLS1hc3NvY2lhdGlvbl91c2VyIGVqIC0tZmlsZW5hbWUgICAvaG9tZS9lYzItdXNlci8uY2hlZi9zc2EucGVtCiAgY2hvd24gLVIgZWMyLXVzZXI6IC9ob21lL2VjMi11c2VyLy5jaGVmCiAgZWNobyAiIyMjIyMjIyMjIyMjIyMjIyMjIyMjIyMjIyMjIyMjIyMjIyMjIyMjIyMjIyMjIyMjIyMjIyMjIyMjIyMjIyMjIyMjIyMjIyMjIyMjIyMjIyMjIyIKICBlY2hvICIjIyMjIyBjaGVmLXNlcnZlci1jdGwgaW5zdGFsbCBjaGVmLW1hbmFnZSAjIyMjIyMjIyMjIyMjIyMjIyMjIyMjIyMjIyMjIyMjIyMjIyMjIyMjIgogIGVjaG8gIiMjIyMjIyMjIyMjIyMjIyMjIyMjIyMjIyMjIyMjIyMjIyMjIyMjIyMjIyMjIyMjIyMjIyMjIyMjIyMjIyMjIyMjIyMjIyMjIyMjIyMjIyMjIyMiCiAgY2hlZi1zZXJ2ZXItY3RsIGluc3RhbGwgY2hlZi1tYW5hZ2UKICBjaGVmLXNlcnZlci1jdGwgcmVjb25maWd1cmUKICBvcHNjb2RlLW1hbmFnZS1jdGwgcmVjb25maWd1cmUgLS1hY2NlcHQtbGljZW5zZQogIGVjaG8gIioqKioqKioqKioqKioqKioqKioqKioqKioqKioqKioqKioqKioqKioqKiIKICBlY2hvICIqIEluc3RhbGxlZCBDaGVmIFNlcnZlcjogQ09NUExFVEVEICAgICAgICoiCiAgZWNobyAiKioqKioqKioqKioqKioqKioqKioqKioqKioqKioqKioqKioqKioqKioqIgoKcnVuY21kOgotIFsgYmFzaCwgLWMsICpjaGVmX2Jvb3RzdHJhcCBdCgpvdXRwdXQ6IHsgYWxsOiAnfCB0ZWUgLWEgL3Zhci9sb2cvY2xvdWQtaW5pdC1vdXRwdXQubG9nJyB9Cg==",
                            "volume_tags.%": "0",
                            "vpc_security_group_ids.#": "1",
                            "vpc_security_group_ids.1665533650": "sg-79db7131"
                        },
                        "meta": {
                            "e2bfb730-ecaa-11e6-8f88-34363bc7c4c0": {
                                "create": 600000000000,
                                "delete": 1200000000000,
                                "update": 600000000000
                            },
                            "schema_version": "1"
                        },
                        "tainted": false
                    },
                    "deposed": [],
                    "provider": "provider.aws"
                },
                "aws_instance.windows": {
                    "type": "aws_instance",
                    "depends_on": [
                        "aws_security_group.FrontEnd",
                        "aws_subnet.PublicAZA"
                    ],
                    "primary": {
                        "id": "i-0d5d1d559721fbc1f",
                        "attributes": {
                            "ami": "ami-3633b149",
                            "associate_public_ip_address": "true",
                            "availability_zone": "us-east-1a",
                            "disable_api_termination": "false",
                            "ebs_block_device.#": "0",
                            "ebs_optimized": "false",
                            "ephemeral_block_device.#": "0",
                            "get_password_data": "false",
                            "iam_instance_profile": "",
                            "id": "i-0d5d1d559721fbc1f",
                            "instance_state": "running",
                            "instance_type": "t2.micro",
                            "ipv6_addresses.#": "0",
                            "key_name": "ej_key_pair",
                            "monitoring": "false",
                            "network_interface.#": "0",
                            "network_interface_id": "eni-87457104",
                            "password_data": "",
                            "placement_group": "",
                            "primary_network_interface_id": "eni-87457104",
                            "private_dns": "ip-172-28-0-199.ec2.internal",
                            "private_ip": "172.28.0.199",
                            "public_dns": "ec2-34-201-28-162.compute-1.amazonaws.com",
                            "public_ip": "34.201.28.162",
                            "root_block_device.#": "1",
                            "root_block_device.0.delete_on_termination": "true",
                            "root_block_device.0.iops": "100",
                            "root_block_device.0.volume_id": "vol-0512d00e7587cfec5",
                            "root_block_device.0.volume_size": "30",
                            "root_block_device.0.volume_type": "gp2",
                            "security_groups.#": "0",
                            "source_dest_check": "true",
                            "subnet_id": "subnet-aba767cc",
                            "tags.%": "1",
                            "tags.Name": "windows",
                            "tenancy": "default",
                            "volume_tags.%": "0",
                            "vpc_security_group_ids.#": "1",
                            "vpc_security_group_ids.1665533650": "sg-79db7131"
                        },
                        "meta": {
                            "e2bfb730-ecaa-11e6-8f88-34363bc7c4c0": {
                                "create": 600000000000,
                                "delete": 1200000000000,
                                "update": 600000000000
                            },
                            "schema_version": "1"
                        },
                        "tainted": false
                    },
                    "deposed": [],
                    "provider": "provider.aws"
                },
                "aws_internet_gateway.gw": {
                    "type": "aws_internet_gateway",
                    "depends_on": [
                        "aws_vpc.terraformmain"
                    ],
                    "primary": {
                        "id": "igw-45bdce3d",
                        "attributes": {
                            "id": "igw-45bdce3d",
                            "tags.%": "1",
                            "tags.Name": "internet gw terraform generated",
                            "vpc_id": "vpc-b8527ac3"
                        },
                        "meta": {},
                        "tainted": false
                    },
                    "deposed": [],
                    "provider": "provider.aws"
                },
                "aws_nat_gateway.PublicAZA": {
                    "type": "aws_nat_gateway",
                    "depends_on": [
                        "aws_eip.forNat",
                        "aws_internet_gateway.gw",
                        "aws_subnet.PublicAZA"
                    ],
                    "primary": {
                        "id": "nat-00382ae47ef9e1052",
                        "attributes": {
                            "allocation_id": "eipalloc-212cdd29",
                            "id": "nat-00382ae47ef9e1052",
                            "network_interface_id": "eni-8b457108",
                            "private_ip": "172.28.0.205",
                            "public_ip": "52.72.188.100",
                            "subnet_id": "subnet-aba767cc",
                            "tags.%": "0"
                        },
                        "meta": {},
                        "tainted": false
                    },
                    "deposed": [],
                    "provider": "provider.aws"
                },
                "aws_network_acl.all": {
                    "type": "aws_network_acl",
                    "depends_on": [
                        "aws_vpc.terraformmain"
                    ],
                    "primary": {
                        "id": "acl-89a12ff3",
                        "attributes": {
                            "egress.#": "1",
                            "egress.2943206146.action": "allow",
                            "egress.2943206146.cidr_block": "0.0.0.0/0",
                            "egress.2943206146.from_port": "0",
                            "egress.2943206146.icmp_code": "0",
                            "egress.2943206146.icmp_type": "0",
                            "egress.2943206146.ipv6_cidr_block": "",
                            "egress.2943206146.protocol": "-1",
                            "egress.2943206146.rule_no": "2",
                            "egress.2943206146.to_port": "0",
                            "id": "acl-89a12ff3",
                            "ingress.#": "1",
                            "ingress.1564094202.action": "allow",
                            "ingress.1564094202.cidr_block": "0.0.0.0/0",
                            "ingress.1564094202.from_port": "0",
                            "ingress.1564094202.icmp_code": "0",
                            "ingress.1564094202.icmp_type": "0",
                            "ingress.1564094202.ipv6_cidr_block": "",
                            "ingress.1564094202.protocol": "-1",
                            "ingress.1564094202.rule_no": "1",
                            "ingress.1564094202.to_port": "0",
                            "subnet_ids.#": "0",
                            "tags.%": "1",
                            "tags.Name": "open acl",
                            "vpc_id": "vpc-b8527ac3"
                        },
                        "meta": {},
                        "tainted": false
                    },
                    "deposed": [],
                    "provider": "provider.aws"
                },
                "aws_route53_record.apache": {
                    "type": "aws_route53_record",
                    "depends_on": [
                        "aws_instance.apache"
                    ],
                    "primary": {
                        "id": "ZBVO8OQHTFSNO_apache.erich.com_CNAME",
                        "attributes": {
                            "allow_overwrite": "true",
                            "fqdn": "apache.erich.com",
                            "id": "ZBVO8OQHTFSNO_apache.erich.com_CNAME",
                            "name": "apache.erich.com",
                            "records.#": "1",
                            "records.516843306": "ec2-54-208-85-245.compute-1.amazonaws.com",
                            "ttl": "60",
                            "type": "CNAME",
                            "zone_id": "ZBVO8OQHTFSNO"
                        },
                        "meta": {
                            "schema_version": "2"
                        },
                        "tainted": false
                    },
                    "deposed": [],
                    "provider": "provider.aws"
                },
                "aws_route53_record.chefserver": {
                    "type": "aws_route53_record",
                    "depends_on": [
                        "aws_instance.chefserver"
                    ],
                    "primary": {
                        "id": "ZBVO8OQHTFSNO_chefserver.erich.com_CNAME",
                        "attributes": {
                            "allow_overwrite": "true",
                            "fqdn": "chefserver.erich.com",
                            "id": "ZBVO8OQHTFSNO_chefserver.erich.com_CNAME",
                            "name": "chefserver.erich.com",
                            "records.#": "1",
                            "records.933136137": "ec2-34-205-177-68.compute-1.amazonaws.com",
                            "ttl": "60",
                            "type": "CNAME",
                            "zone_id": "ZBVO8OQHTFSNO"
                        },
                        "meta": {
                            "schema_version": "2"
                        },
                        "tainted": false
                    },
                    "deposed": [],
                    "provider": "provider.aws"
                },
                "aws_route53_record.ejs": {
                    "type": "aws_route53_record",
                    "depends_on": [
                        "aws_db_instance.default"
                    ],
                    "primary": {
                        "id": "ZBVO8OQHTFSNO_mysql.erich.com_CNAME",
                        "attributes": {
                            "allow_overwrite": "true",
                            "fqdn": "mysql.erich.com",
                            "id": "ZBVO8OQHTFSNO_mysql.erich.com_CNAME",
                            "name": "mysql.erich.com",
                            "records.#": "1",
                            "records.2402634168": "terraform-20180515195907726300000002.ct7lgzsrlxwd.us-east-1.rds.amazonaws.com",
                            "ttl": "60",
                            "type": "CNAME",
                            "zone_id": "ZBVO8OQHTFSNO"
                        },
                        "meta": {
                            "schema_version": "2"
                        },
                        "tainted": false
                    },
                    "deposed": [],
                    "provider": "provider.aws"
                },
                "aws_route_table.private": {
                    "type": "aws_route_table",
                    "depends_on": [
                        "aws_nat_gateway.PublicAZA",
                        "aws_vpc.terraformmain"
                    ],
                    "primary": {
                        "id": "rtb-01a1bc7d",
                        "attributes": {
                            "id": "rtb-01a1bc7d",
                            "propagating_vgws.#": "0",
                            "route.#": "1",
                            "route.36743158.cidr_block": "0.0.0.0/0",
                            "route.36743158.egress_only_gateway_id": "",
                            "route.36743158.gateway_id": "",
                            "route.36743158.instance_id": "",
                            "route.36743158.ipv6_cidr_block": "",
                            "route.36743158.nat_gateway_id": "nat-00382ae47ef9e1052",
                            "route.36743158.network_interface_id": "",
                            "route.36743158.vpc_peering_connection_id": "",
                            "tags.%": "1",
                            "tags.Name": "Private",
                            "vpc_id": "vpc-b8527ac3"
                        },
                        "meta": {},
                        "tainted": false
                    },
                    "deposed": [],
                    "provider": "provider.aws"
                },
                "aws_route_table.public": {
                    "type": "aws_route_table",
                    "depends_on": [
                        "aws_internet_gateway.gw",
                        "aws_vpc.terraformmain"
                    ],
                    "primary": {
                        "id": "rtb-d1a5b8ad",
                        "attributes": {
                            "id": "rtb-d1a5b8ad",
                            "propagating_vgws.#": "0",
                            "route.#": "1",
                            "route.1321656708.cidr_block": "0.0.0.0/0",
                            "route.1321656708.egress_only_gateway_id": "",
                            "route.1321656708.gateway_id": "igw-45bdce3d",
                            "route.1321656708.instance_id": "",
                            "route.1321656708.ipv6_cidr_block": "",
                            "route.1321656708.nat_gateway_id": "",
                            "route.1321656708.network_interface_id": "",
                            "route.1321656708.vpc_peering_connection_id": "",
                            "tags.%": "1",
                            "tags.Name": "Public",
                            "vpc_id": "vpc-b8527ac3"
                        },
                        "meta": {},
                        "tainted": false
                    },
                    "deposed": [],
                    "provider": "provider.aws"
                },
                "aws_route_table_association.PublicAZA": {
                    "type": "aws_route_table_association",
                    "depends_on": [
                        "aws_route_table.public",
                        "aws_subnet.PublicAZA"
                    ],
                    "primary": {
                        "id": "rtbassoc-f9f6b786",
                        "attributes": {
                            "id": "rtbassoc-f9f6b786",
                            "route_table_id": "rtb-d1a5b8ad",
                            "subnet_id": "subnet-aba767cc"
                        },
                        "meta": {},
                        "tainted": false
                    },
                    "deposed": [],
                    "provider": "provider.aws"
                },
                "aws_route_table_association.PublicAZB": {
                    "type": "aws_route_table_association",
                    "depends_on": [
                        "aws_route_table.public",
                        "aws_subnet.PublicAZB"
                    ],
                    "primary": {
                        "id": "rtbassoc-d7f0b1a8",
                        "attributes": {
                            "id": "rtbassoc-d7f0b1a8",
                            "route_table_id": "rtb-d1a5b8ad",
                            "subnet_id": "subnet-89619fa7"
                        },
                        "meta": {},
                        "tainted": false
                    },
                    "deposed": [],
                    "provider": "provider.aws"
                },
                "aws_security_group.Backend": {
                    "type": "aws_security_group",
                    "depends_on": [
                        "aws_security_group.FrontEnd",
                        "aws_vpc.terraformmain"
                    ],
                    "primary": {
                        "id": "sg-71dc7639",
                        "attributes": {
                            "arn": "arn:aws:ec2:us-east-1:346310308399:security-group/sg-71dc7639",
                            "description": "ONLY tcp CONNECTION INBOUND",
                            "egress.#": "1",
                            "egress.482069346.cidr_blocks.#": "1",
                            "egress.482069346.cidr_blocks.0": "0.0.0.0/0",
                            "egress.482069346.description": "",
                            "egress.482069346.from_port": "0",
                            "egress.482069346.ipv6_cidr_blocks.#": "0",
                            "egress.482069346.prefix_list_ids.#": "0",
                            "egress.482069346.protocol": "-1",
                            "egress.482069346.security_groups.#": "0",
                            "egress.482069346.self": "false",
                            "egress.482069346.to_port": "0",
                            "id": "sg-71dc7639",
                            "ingress.#": "3",
                            "ingress.2223400681.cidr_blocks.#": "1",
                            "ingress.2223400681.cidr_blocks.0": "0.0.0.0/0",
                            "ingress.2223400681.description": "",
                            "ingress.2223400681.from_port": "3389",
                            "ingress.2223400681.ipv6_cidr_blocks.#": "0",
                            "ingress.2223400681.protocol": "TCP",
                            "ingress.2223400681.security_groups.#": "0",
                            "ingress.2223400681.self": "false",
                            "ingress.2223400681.to_port": "3389",
                            "ingress.2541437006.cidr_blocks.#": "1",
                            "ingress.2541437006.cidr_blocks.0": "0.0.0.0/0",
                            "ingress.2541437006.description": "",
                            "ingress.2541437006.from_port": "22",
                            "ingress.2541437006.ipv6_cidr_blocks.#": "0",
                            "ingress.2541437006.protocol": "TCP",
                            "ingress.2541437006.security_groups.#": "0",
                            "ingress.2541437006.self": "false",
                            "ingress.2541437006.to_port": "22",
                            "ingress.986258098.cidr_blocks.#": "0",
                            "ingress.986258098.description": "",
                            "ingress.986258098.from_port": "3306",
                            "ingress.986258098.ipv6_cidr_blocks.#": "0",
                            "ingress.986258098.protocol": "TCP",
                            "ingress.986258098.security_groups.#": "1",
                            "ingress.986258098.security_groups.1665533650": "sg-79db7131",
                            "ingress.986258098.self": "false",
                            "ingress.986258098.to_port": "3306",
                            "name": "Backend",
                            "owner_id": "346310308399",
                            "revoke_rules_on_delete": "false",
                            "tags.%": "1",
                            "tags.Name": "Backend",
                            "vpc_id": "vpc-b8527ac3"
                        },
                        "meta": {
                            "e2bfb730-ecaa-11e6-8f88-34363bc7c4c0": {
                                "create": 600000000000,
                                "delete": 600000000000
                            },
                            "schema_version": "1"
                        },
                        "tainted": false
                    },
                    "deposed": [],
                    "provider": "provider.aws"
                },
                "aws_security_group.FrontEnd": {
                    "type": "aws_security_group",
                    "depends_on": [
                        "aws_vpc.terraformmain"
                    ],
                    "primary": {
                        "id": "sg-79db7131",
                        "attributes": {
                            "arn": "arn:aws:ec2:us-east-1:346310308399:security-group/sg-79db7131",
                            "description": "ONLY HTTP CONNECTION IN-BOUND",
                            "egress.#": "1",
                            "egress.482069346.cidr_blocks.#": "1",
                            "egress.482069346.cidr_blocks.0": "0.0.0.0/0",
                            "egress.482069346.description": "",
                            "egress.482069346.from_port": "0",
                            "egress.482069346.ipv6_cidr_blocks.#": "0",
                            "egress.482069346.prefix_list_ids.#": "0",
                            "egress.482069346.protocol": "-1",
                            "egress.482069346.security_groups.#": "0",
                            "egress.482069346.self": "false",
                            "egress.482069346.to_port": "0",
                            "id": "sg-79db7131",
                            "ingress.#": "5",
                            "ingress.1163740523.cidr_blocks.#": "1",
                            "ingress.1163740523.cidr_blocks.0": "0.0.0.0/0",
                            "ingress.1163740523.description": "",
                            "ingress.1163740523.from_port": "3306",
                            "ingress.1163740523.ipv6_cidr_blocks.#": "0",
                            "ingress.1163740523.protocol": "TCP",
                            "ingress.1163740523.security_groups.#": "0",
                            "ingress.1163740523.self": "false",
                            "ingress.1163740523.to_port": "3306",
                            "ingress.2214680975.cidr_blocks.#": "1",
                            "ingress.2214680975.cidr_blocks.0": "0.0.0.0/0",
                            "ingress.2214680975.description": "",
                            "ingress.2214680975.from_port": "80",
                            "ingress.2214680975.ipv6_cidr_blocks.#": "0",
                            "ingress.2214680975.protocol": "TCP",
                            "ingress.2214680975.security_groups.#": "0",
                            "ingress.2214680975.self": "false",
                            "ingress.2214680975.to_port": "80",
                            "ingress.2223400681.cidr_blocks.#": "1",
                            "ingress.2223400681.cidr_blocks.0": "0.0.0.0/0",
                            "ingress.2223400681.description": "",
                            "ingress.2223400681.from_port": "3389",
                            "ingress.2223400681.ipv6_cidr_blocks.#": "0",
                            "ingress.2223400681.protocol": "TCP",
                            "ingress.2223400681.security_groups.#": "0",
                            "ingress.2223400681.self": "false",
                            "ingress.2223400681.to_port": "3389",
                            "ingress.2541437006.cidr_blocks.#": "1",
                            "ingress.2541437006.cidr_blocks.0": "0.0.0.0/0",
                            "ingress.2541437006.description": "",
                            "ingress.2541437006.from_port": "22",
                            "ingress.2541437006.ipv6_cidr_blocks.#": "0",
                            "ingress.2541437006.protocol": "TCP",
                            "ingress.2541437006.security_groups.#": "0",
                            "ingress.2541437006.self": "false",
                            "ingress.2541437006.to_port": "22",
                            "ingress.2617001939.cidr_blocks.#": "1",
                            "ingress.2617001939.cidr_blocks.0": "0.0.0.0/0",
                            "ingress.2617001939.description": "",
                            "ingress.2617001939.from_port": "443",
                            "ingress.2617001939.ipv6_cidr_blocks.#": "0",
                            "ingress.2617001939.protocol": "TCP",
                            "ingress.2617001939.security_groups.#": "0",
                            "ingress.2617001939.self": "false",
                            "ingress.2617001939.to_port": "443",
                            "name": "FrontEnd",
                            "owner_id": "346310308399",
                            "revoke_rules_on_delete": "false",
                            "tags.%": "1",
                            "tags.Name": "FrontEnd",
                            "vpc_id": "vpc-b8527ac3"
                        },
                        "meta": {
                            "e2bfb730-ecaa-11e6-8f88-34363bc7c4c0": {
                                "create": 600000000000,
                                "delete": 600000000000
                            },
                            "schema_version": "1"
                        },
                        "tainted": false
                    },
                    "deposed": [],
                    "provider": "provider.aws"
                },
                "aws_security_group.my_db_sg": {
                    "type": "aws_security_group",
                    "depends_on": [
                        "aws_vpc.terraformmain"
                    ],
                    "primary": {
                        "id": "sg-93d07adb",
                        "attributes": {
                            "arn": "arn:aws:ec2:us-east-1:346310308399:security-group/sg-93d07adb",
                            "description": "RDS  servers (terraform-managed)",
                            "egress.#": "1",
                            "egress.482069346.cidr_blocks.#": "1",
                            "egress.482069346.cidr_blocks.0": "0.0.0.0/0",
                            "egress.482069346.description": "",
                            "egress.482069346.from_port": "0",
                            "egress.482069346.ipv6_cidr_blocks.#": "0",
                            "egress.482069346.prefix_list_ids.#": "0",
                            "egress.482069346.protocol": "-1",
                            "egress.482069346.security_groups.#": "0",
                            "egress.482069346.self": "false",
                            "egress.482069346.to_port": "0",
                            "id": "sg-93d07adb",
                            "ingress.#": "1",
                            "ingress.1163740523.cidr_blocks.#": "1",
                            "ingress.1163740523.cidr_blocks.0": "0.0.0.0/0",
                            "ingress.1163740523.description": "",
                            "ingress.1163740523.from_port": "3306",
                            "ingress.1163740523.ipv6_cidr_blocks.#": "0",
                            "ingress.1163740523.protocol": "tcp",
                            "ingress.1163740523.security_groups.#": "0",
                            "ingress.1163740523.self": "false",
                            "ingress.1163740523.to_port": "3306",
                            "name": "my_db_sg",
                            "owner_id": "346310308399",
                            "revoke_rules_on_delete": "false",
                            "tags.%": "0",
                            "vpc_id": "vpc-b8527ac3"
                        },
                        "meta": {
                            "e2bfb730-ecaa-11e6-8f88-34363bc7c4c0": {
                                "create": 600000000000,
                                "delete": 600000000000
                            },
                            "schema_version": "1"
                        },
                        "tainted": false
                    },
                    "deposed": [],
                    "provider": "provider.aws"
                },
                "aws_subnet.PublicAZA": {
                    "type": "aws_subnet",
                    "depends_on": [
                        "aws_vpc.terraformmain",
                        "data.aws_availability_zones.available"
                    ],
                    "primary": {
                        "id": "subnet-aba767cc",
                        "attributes": {
                            "assign_ipv6_address_on_creation": "false",
                            "availability_zone": "us-east-1a",
                            "cidr_block": "172.28.0.0/24",
                            "id": "subnet-aba767cc",
                            "map_public_ip_on_launch": "false",
                            "tags.%": "1",
                            "tags.Name": "PublicAZA",
                            "vpc_id": "vpc-b8527ac3"
                        },
                        "meta": {
                            "schema_version": "1"
                        },
                        "tainted": false
                    },
                    "deposed": [],
                    "provider": "provider.aws"
                },
                "aws_subnet.PublicAZB": {
                    "type": "aws_subnet",
                    "depends_on": [
                        "aws_vpc.terraformmain",
                        "data.aws_availability_zones.available"
                    ],
                    "primary": {
                        "id": "subnet-89619fa7",
                        "attributes": {
                            "assign_ipv6_address_on_creation": "false",
                            "availability_zone": "us-east-1b",
                            "cidr_block": "172.28.1.0/24",
                            "id": "subnet-89619fa7",
                            "map_public_ip_on_launch": "false",
                            "tags.%": "1",
                            "tags.Name": "PublicAZB",
                            "vpc_id": "vpc-b8527ac3"
                        },
                        "meta": {
                            "schema_version": "1"
                        },
                        "tainted": false
                    },
                    "deposed": [],
                    "provider": "provider.aws"
                },
                "aws_vpc.terraformmain": {
                    "type": "aws_vpc",
                    "depends_on": [],
                    "primary": {
                        "id": "vpc-b8527ac3",
                        "attributes": {
                            "assign_generated_ipv6_cidr_block": "false",
                            "cidr_block": "172.28.0.0/16",
                            "default_network_acl_id": "acl-20be305a",
                            "default_route_table_id": "rtb-10a4b96c",
                            "default_security_group_id": "sg-7dc06a35",
                            "dhcp_options_id": "dopt-5a9e6f3e",
                            "enable_classiclink": "false",
                            "enable_classiclink_dns_support": "false",
                            "enable_dns_hostnames": "true",
                            "enable_dns_support": "true",
                            "id": "vpc-b8527ac3",
                            "instance_tenancy": "default",
                            "main_route_table_id": "rtb-10a4b96c",
                            "tags.%": "1",
                            "tags.Name": "My terraform vpc"
                        },
                        "meta": {
                            "schema_version": "1"
                        },
                        "tainted": false
                    },
                    "deposed": [],
                    "provider": "provider.aws"
                },
                "data.aws_availability_zones.available": {
                    "type": "aws_availability_zones",
                    "depends_on": [],
                    "primary": {
                        "id": "2018-05-15 19:58:31.239621 +0000 UTC",
                        "attributes": {
                            "id": "2018-05-15 19:58:31.239621 +0000 UTC",
                            "names.#": "6",
                            "names.0": "us-east-1a",
                            "names.1": "us-east-1b",
                            "names.2": "us-east-1c",
                            "names.3": "us-east-1d",
                            "names.4": "us-east-1e",
                            "names.5": "us-east-1f"
                        },
                        "meta": {},
                        "tainted": false
                    },
                    "deposed": [],
                    "provider": "provider.aws"
                },
                "data.aws_iam_policy.ReadOnlyAccess": {
                    "type": "aws_iam_policy",
                    "depends_on": [],
                    "primary": {
                        "id": "arn:aws:iam::aws:policy/AdministratorAccess",
                        "attributes": {
                            "arn": "arn:aws:iam::aws:policy/AdministratorAccess",
                            "description": "Provides full access to AWS services and resources.",
                            "id": "arn:aws:iam::aws:policy/AdministratorAccess",
                            "name": "AdministratorAccess",
                            "path": "/",
                            "policy": "{\n  \"Version\": \"2012-10-17\",\n  \"Statement\": [\n    {\n      \"Effect\": \"Allow\",\n      \"Action\": \"*\",\n      \"Resource\": \"*\"\n    }\n  ]\n}"
                        },
                        "meta": {},
                        "tainted": false
                    },
                    "deposed": [],
                    "provider": "provider.aws"
                }
            },
            "depends_on": []
        }
    ]
}
