{
    "version": 3,
    "terraform_version": "0.11.7",
    "serial": 49,
    "lineage": "3732286b-2d9d-3c24-9104-0bd8e317e043",
    "modules": [
        {
            "path": [
                "root"
            ],
            "outputs": {},
            "resources": {
                "aws_db_instance.default": {
                    "type": "aws_db_instance",
                    "depends_on": [
                        "aws_db_subnet_group.dbsubnet",
                        "aws_security_group.FrontEnd"
                    ],
                    "primary": {
                        "id": "terraform-20180425225914793100000001",
                        "attributes": {
                            "address": "terraform-20180425225914793100000001.ct7lgzsrlxwd.us-east-1.rds.amazonaws.com",
                            "allocated_storage": "10",
                            "arn": "arn:aws:rds:us-east-1:346310308399:db:terraform-20180425225914793100000001",
                            "auto_minor_version_upgrade": "true",
                            "availability_zone": "us-east-1b",
                            "backup_retention_period": "0",
                            "backup_window": "08:18-08:48",
                            "ca_cert_identifier": "rds-ca-2015",
                            "copy_tags_to_snapshot": "false",
                            "db_subnet_group_name": "terraform-20180424214443484900000002",
                            "enabled_cloudwatch_logs_exports.#": "0",
                            "endpoint": "terraform-20180425225914793100000001.ct7lgzsrlxwd.us-east-1.rds.amazonaws.com:3306",
                            "engine": "mysql",
                            "engine_version": "5.7.21",
                            "hosted_zone_id": "Z2R2ITUGPM61AM",
                            "iam_database_authentication_enabled": "false",
                            "id": "terraform-20180425225914793100000001",
                            "identifier": "terraform-20180425225914793100000001",
                            "instance_class": "db.t2.micro",
                            "iops": "0",
                            "kms_key_id": "",
                            "license_model": "general-public-license",
                            "maintenance_window": "sun:03:16-sun:03:46",
                            "monitoring_interval": "0",
                            "multi_az": "false",
                            "name": "ejs",
                            "option_group_name": "default:mysql-5-7",
                            "parameter_group_name": "default.mysql5.7",
                            "password": "initial123",
                            "port": "3306",
                            "publicly_accessible": "false",
                            "replicas.#": "0",
                            "replicate_source_db": "",
                            "resource_id": "db-QFU4IB7MR6C3LRRYWCKX6OGZVE",
                            "security_group_names.#": "0",
                            "skip_final_snapshot": "true",
                            "status": "available",
                            "storage_encrypted": "false",
                            "storage_type": "gp2",
                            "tags.%": "0",
                            "timezone": "",
                            "username": "sa",
                            "vpc_security_group_ids.#": "1",
                            "vpc_security_group_ids.1919858141": "sg-11b3fe58"
                        },
                        "meta": {
                            "e2bfb730-ecaa-11e6-8f88-34363bc7c4c0": {
                                "create": 2400000000000,
                                "delete": 2400000000000,
                                "update": 4800000000000
                            }
                        },
                        "tainted": false
                    },
                    "deposed": [],
                    "provider": "provider.aws"
                },
                "aws_db_subnet_group.dbsubnet": {
                    "type": "aws_db_subnet_group",
                    "depends_on": [
                        "aws_subnet.PublicAZA",
                        "aws_subnet.PublicAZB"
                    ],
                    "primary": {
                        "id": "terraform-20180424214443484900000002",
                        "attributes": {
                            "arn": "arn:aws:rds:us-east-1:346310308399:subgrp:terraform-20180424214443484900000002",
                            "description": "Managed by Terraform",
                            "id": "terraform-20180424214443484900000002",
                            "name": "terraform-20180424214443484900000002",
                            "subnet_ids.#": "2",
                            "subnet_ids.2529939319": "subnet-8dfe0eea",
                            "subnet_ids.3739741372": "subnet-7a27c654",
                            "tags.%": "0"
                        },
                        "meta": {},
                        "tainted": false
                    },
                    "deposed": [],
                    "provider": "provider.aws"
                },
                "aws_eip.forNat": {
                    "type": "aws_eip",
                    "depends_on": [],
                    "primary": {
                        "id": "eipalloc-9bc4fc92",
                        "attributes": {
                            "association_id": "",
                            "domain": "vpc",
                            "id": "eipalloc-9bc4fc92",
                            "instance": "",
                            "network_interface": "",
                            "private_ip": "",
                            "public_ip": "52.23.49.3",
                            "tags.%": "0",
                            "vpc": "true"
                        },
                        "meta": {
                            "e2bfb730-ecaa-11e6-8f88-34363bc7c4c0": {
                                "delete": 180000000000,
                                "read": 900000000000,
                                "update": 300000000000
                            }
                        },
                        "tainted": false
                    },
                    "deposed": [],
                    "provider": "provider.aws"
                },
                "aws_iam_instance_profile.ssm_profile": {
                    "type": "aws_iam_instance_profile",
                    "depends_on": [
                        "aws_iam_role.ssm_role"
                    ],
                    "primary": {
                        "id": "ssm_profile",
                        "attributes": {
                            "arn": "arn:aws:iam::346310308399:instance-profile/ssm_profile",
                            "id": "ssm_profile",
                            "name": "ssm_profile",
                            "path": "/",
                            "role": "ssm_role",
                            "roles.#": "0",
                            "unique_id": "AIPAIFMLHETRVHWXA3MJE"
                        },
                        "meta": {},
                        "tainted": false
                    },
                    "deposed": [],
                    "provider": "provider.aws"
                },
                "aws_iam_role.ssm_role": {
                    "type": "aws_iam_role",
                    "depends_on": [],
                    "primary": {
                        "id": "ssm_role",
                        "attributes": {
                            "arn": "arn:aws:iam::346310308399:role/ssm_role",
                            "assume_role_policy": "{\"Version\":\"2012-10-17\",\"Statement\":[{\"Sid\":\"\",\"Effect\":\"Allow\",\"Principal\":{\"Service\":\"ec2.amazonaws.com\"},\"Action\":\"sts:AssumeRole\"}]}",
                            "create_date": "2018-04-25T22:59:15Z",
                            "force_detach_policies": "false",
                            "id": "ssm_role",
                            "max_session_duration": "3600",
                            "name": "ssm_role",
                            "path": "/",
                            "unique_id": "AROAIYRSIFKA4XVMFVZUM"
                        },
                        "meta": {},
                        "tainted": false
                    },
                    "deposed": [],
                    "provider": "provider.aws"
                },
                "aws_iam_role_policy_attachment.ssm_readonly_policy_attach": {
                    "type": "aws_iam_role_policy_attachment",
                    "depends_on": [
                        "aws_iam_role.ssm_role",
                        "data.aws_iam_policy.ReadOnlyAccess"
                    ],
                    "primary": {
                        "id": "ssm_role-20180425225916037500000002",
                        "attributes": {
                            "id": "ssm_role-20180425225916037500000002",
                            "policy_arn": "arn:aws:iam::aws:policy/AdministratorAccess",
                            "role": "ssm_role"
                        },
                        "meta": {},
                        "tainted": false
                    },
                    "deposed": [],
                    "provider": "provider.aws"
                },
                "aws_instance.ChefMaster": {
                    "type": "aws_instance",
                    "depends_on": [
                        "aws_iam_instance_profile.ssm_profile",
                        "aws_security_group.FrontEnd",
                        "aws_subnet.PublicAZA"
                    ],
                    "primary": {
                        "id": "i-03dbc0642e44a5533",
                        "attributes": {
                            "ami": "ami-1853ac65",
                            "associate_public_ip_address": "true",
                            "availability_zone": "us-east-1a",
                            "disable_api_termination": "false",
                            "ebs_block_device.#": "0",
                            "ebs_optimized": "false",
                            "ephemeral_block_device.#": "0",
                            "get_password_data": "false",
                            "iam_instance_profile": "ssm_profile",
                            "id": "i-03dbc0642e44a5533",
                            "instance_state": "running",
                            "instance_type": "t2.small",
                            "ipv6_addresses.#": "0",
                            "key_name": "ej_key_pair",
                            "monitoring": "false",
                            "network_interface.#": "0",
                            "network_interface_id": "eni-e1c85262",
                            "password_data": "",
                            "placement_group": "",
                            "primary_network_interface_id": "eni-e1c85262",
                            "private_dns": "ip-172-28-0-192.ec2.internal",
                            "private_ip": "172.28.0.192",
                            "public_dns": "ec2-34-237-1-227.compute-1.amazonaws.com",
                            "public_ip": "34.237.1.227",
                            "root_block_device.#": "1",
                            "root_block_device.0.delete_on_termination": "true",
                            "root_block_device.0.iops": "100",
                            "root_block_device.0.volume_id": "vol-0b31d52eabf4f0341",
                            "root_block_device.0.volume_size": "8",
                            "root_block_device.0.volume_type": "gp2",
                            "security_groups.#": "0",
                            "source_dest_check": "true",
                            "subnet_id": "subnet-8dfe0eea",
                            "tags.%": "2",
                            "tags.Environment": "Test",
                            "tags.Name": "ChefMaster",
                            "tenancy": "default",
                            "user_data": "5ff86a362d9e11c54ffaae19bdd0d9ef1523e81c",
                            "volume_tags.%": "0",
                            "vpc_security_group_ids.#": "1",
                            "vpc_security_group_ids.1919858141": "sg-11b3fe58"
                        },
                        "meta": {
                            "e2bfb730-ecaa-11e6-8f88-34363bc7c4c0": {
                                "create": 600000000000,
                                "delete": 1200000000000,
                                "update": 600000000000
                            },
                            "schema_version": "1"
                        },
                        "tainted": false
                    },
                    "deposed": [],
                    "provider": "provider.aws"
                },
                "aws_instance.apache": {
                    "type": "aws_instance",
                    "depends_on": [
                        "aws_security_group.FrontEnd",
                        "aws_subnet.PublicAZA"
                    ],
                    "primary": {
                        "id": "i-0e649843f0d7d5afd",
                        "attributes": {
                            "ami": "ami-1853ac65",
                            "associate_public_ip_address": "true",
                            "availability_zone": "us-east-1a",
                            "disable_api_termination": "false",
                            "ebs_block_device.#": "0",
                            "ebs_optimized": "false",
                            "ephemeral_block_device.#": "0",
                            "get_password_data": "false",
                            "iam_instance_profile": "",
                            "id": "i-0e649843f0d7d5afd",
                            "instance_state": "running",
                            "instance_type": "t2.micro",
                            "ipv6_addresses.#": "0",
                            "key_name": "ej_key_pair",
                            "monitoring": "false",
                            "network_interface.#": "0",
                            "network_interface_id": "eni-e0cb5163",
                            "password_data": "",
                            "placement_group": "",
                            "primary_network_interface_id": "eni-e0cb5163",
                            "private_dns": "ip-172-28-0-141.ec2.internal",
                            "private_ip": "172.28.0.141",
                            "public_dns": "ec2-54-87-149-62.compute-1.amazonaws.com",
                            "public_ip": "54.87.149.62",
                            "root_block_device.#": "1",
                            "root_block_device.0.delete_on_termination": "true",
                            "root_block_device.0.iops": "100",
                            "root_block_device.0.volume_id": "vol-07c5408caf025f8bb",
                            "root_block_device.0.volume_size": "8",
                            "root_block_device.0.volume_type": "gp2",
                            "security_groups.#": "0",
                            "source_dest_check": "true",
                            "subnet_id": "subnet-8dfe0eea",
                            "tags.%": "1",
                            "tags.Name": "apache",
                            "tenancy": "default",
                            "user_data": "729873d69ca53693fa5e00894ee83cd6b80ee8dc",
                            "volume_tags.%": "0",
                            "vpc_security_group_ids.#": "1",
                            "vpc_security_group_ids.1919858141": "sg-11b3fe58"
                        },
                        "meta": {
                            "e2bfb730-ecaa-11e6-8f88-34363bc7c4c0": {
                                "create": 600000000000,
                                "delete": 1200000000000,
                                "update": 600000000000
                            },
                            "schema_version": "1"
                        },
                        "tainted": false
                    },
                    "deposed": [],
                    "provider": "provider.aws"
                },
                "aws_instance.windows": {
                    "type": "aws_instance",
                    "depends_on": [
                        "aws_security_group.FrontEnd",
                        "aws_subnet.PublicAZA"
                    ],
                    "primary": {
                        "id": "i-00fcc923d8b78024f",
                        "attributes": {
                            "ami": "ami-838b53fc",
                            "associate_public_ip_address": "true",
                            "availability_zone": "us-east-1a",
                            "disable_api_termination": "false",
                            "ebs_block_device.#": "0",
                            "ebs_optimized": "false",
                            "ephemeral_block_device.#": "0",
                            "get_password_data": "false",
                            "iam_instance_profile": "",
                            "id": "i-00fcc923d8b78024f",
                            "instance_state": "running",
                            "instance_type": "t2.micro",
                            "ipv6_addresses.#": "0",
                            "key_name": "ej_key_pair",
                            "monitoring": "false",
                            "network_interface.#": "0",
                            "network_interface_id": "eni-20d44ea3",
                            "password_data": "",
                            "placement_group": "",
                            "primary_network_interface_id": "eni-20d44ea3",
                            "private_dns": "ip-172-28-0-188.ec2.internal",
                            "private_ip": "172.28.0.188",
                            "public_dns": "ec2-107-23-82-5.compute-1.amazonaws.com",
                            "public_ip": "107.23.82.5",
                            "root_block_device.#": "1",
                            "root_block_device.0.delete_on_termination": "true",
                            "root_block_device.0.iops": "100",
                            "root_block_device.0.volume_id": "vol-042f351da26023618",
                            "root_block_device.0.volume_size": "30",
                            "root_block_device.0.volume_type": "gp2",
                            "security_groups.#": "0",
                            "source_dest_check": "true",
                            "subnet_id": "subnet-8dfe0eea",
                            "tags.%": "1",
                            "tags.Name": "windows",
                            "tenancy": "default",
                            "volume_tags.%": "0",
                            "vpc_security_group_ids.#": "1",
                            "vpc_security_group_ids.1919858141": "sg-11b3fe58"
                        },
                        "meta": {
                            "e2bfb730-ecaa-11e6-8f88-34363bc7c4c0": {
                                "create": 600000000000,
                                "delete": 1200000000000,
                                "update": 600000000000
                            },
                            "schema_version": "1"
                        },
                        "tainted": false
                    },
                    "deposed": [],
                    "provider": "provider.aws"
                },
                "aws_internet_gateway.gw": {
                    "type": "aws_internet_gateway",
                    "depends_on": [
                        "aws_vpc.terraformmain"
                    ],
                    "primary": {
                        "id": "igw-72d54b0a",
                        "attributes": {
                            "id": "igw-72d54b0a",
                            "tags.%": "1",
                            "tags.Name": "internet gw terraform generated",
                            "vpc_id": "vpc-8d9fd3f6"
                        },
                        "meta": {},
                        "tainted": false
                    },
                    "deposed": [],
                    "provider": "provider.aws"
                },
                "aws_nat_gateway.PublicAZA": {
                    "type": "aws_nat_gateway",
                    "depends_on": [
                        "aws_eip.forNat",
                        "aws_internet_gateway.gw",
                        "aws_subnet.PublicAZA"
                    ],
                    "primary": {
                        "id": "nat-0c6d6be5349089771",
                        "attributes": {
                            "allocation_id": "eipalloc-9bc4fc92",
                            "id": "nat-0c6d6be5349089771",
                            "network_interface_id": "eni-93c85210",
                            "private_ip": "172.28.0.157",
                            "public_ip": "52.23.49.3",
                            "subnet_id": "subnet-8dfe0eea",
                            "tags.%": "0"
                        },
                        "meta": {},
                        "tainted": false
                    },
                    "deposed": [],
                    "provider": "provider.aws"
                },
                "aws_network_acl.all": {
                    "type": "aws_network_acl",
                    "depends_on": [
                        "aws_vpc.terraformmain"
                    ],
                    "primary": {
                        "id": "acl-385bf842",
                        "attributes": {
                            "egress.#": "1",
                            "egress.2943206146.action": "allow",
                            "egress.2943206146.cidr_block": "0.0.0.0/0",
                            "egress.2943206146.from_port": "0",
                            "egress.2943206146.icmp_code": "0",
                            "egress.2943206146.icmp_type": "0",
                            "egress.2943206146.ipv6_cidr_block": "",
                            "egress.2943206146.protocol": "-1",
                            "egress.2943206146.rule_no": "2",
                            "egress.2943206146.to_port": "0",
                            "id": "acl-385bf842",
                            "ingress.#": "1",
                            "ingress.1564094202.action": "allow",
                            "ingress.1564094202.cidr_block": "0.0.0.0/0",
                            "ingress.1564094202.from_port": "0",
                            "ingress.1564094202.icmp_code": "0",
                            "ingress.1564094202.icmp_type": "0",
                            "ingress.1564094202.ipv6_cidr_block": "",
                            "ingress.1564094202.protocol": "-1",
                            "ingress.1564094202.rule_no": "1",
                            "ingress.1564094202.to_port": "0",
                            "subnet_ids.#": "0",
                            "tags.%": "1",
                            "tags.Name": "open acl",
                            "vpc_id": "vpc-8d9fd3f6"
                        },
                        "meta": {},
                        "tainted": false
                    },
                    "deposed": [],
                    "provider": "provider.aws"
                },
                "aws_route_table.private": {
                    "type": "aws_route_table",
                    "depends_on": [
                        "aws_nat_gateway.PublicAZA",
                        "aws_vpc.terraformmain"
                    ],
                    "primary": {
                        "id": "rtb-61daff1d",
                        "attributes": {
                            "id": "rtb-61daff1d",
                            "propagating_vgws.#": "0",
                            "route.#": "1",
                            "route.171297402.cidr_block": "0.0.0.0/0",
                            "route.171297402.egress_only_gateway_id": "",
                            "route.171297402.gateway_id": "",
                            "route.171297402.instance_id": "",
                            "route.171297402.ipv6_cidr_block": "",
                            "route.171297402.nat_gateway_id": "nat-0c6d6be5349089771",
                            "route.171297402.network_interface_id": "",
                            "route.171297402.vpc_peering_connection_id": "",
                            "tags.%": "1",
                            "tags.Name": "Private",
                            "vpc_id": "vpc-8d9fd3f6"
                        },
                        "meta": {},
                        "tainted": false
                    },
                    "deposed": [],
                    "provider": "provider.aws"
                },
                "aws_route_table.public": {
                    "type": "aws_route_table",
                    "depends_on": [
                        "aws_internet_gateway.gw",
                        "aws_vpc.terraformmain"
                    ],
                    "primary": {
                        "id": "rtb-64a48118",
                        "attributes": {
                            "id": "rtb-64a48118",
                            "propagating_vgws.#": "0",
                            "route.#": "1",
                            "route.4207394239.cidr_block": "0.0.0.0/0",
                            "route.4207394239.egress_only_gateway_id": "",
                            "route.4207394239.gateway_id": "igw-72d54b0a",
                            "route.4207394239.instance_id": "",
                            "route.4207394239.ipv6_cidr_block": "",
                            "route.4207394239.nat_gateway_id": "",
                            "route.4207394239.network_interface_id": "",
                            "route.4207394239.vpc_peering_connection_id": "",
                            "tags.%": "1",
                            "tags.Name": "Public",
                            "vpc_id": "vpc-8d9fd3f6"
                        },
                        "meta": {},
                        "tainted": false
                    },
                    "deposed": [],
                    "provider": "provider.aws"
                },
                "aws_route_table_association.PrivateAZA": {
                    "type": "aws_route_table_association",
                    "depends_on": [
                        "aws_route_table.private",
                        "aws_subnet.PrivateAZA"
                    ],
                    "primary": {
                        "id": "rtbassoc-9ea02ae1",
                        "attributes": {
                            "id": "rtbassoc-9ea02ae1",
                            "route_table_id": "rtb-61daff1d",
                            "subnet_id": "subnet-03a84b2d"
                        },
                        "meta": {},
                        "tainted": false
                    },
                    "deposed": [],
                    "provider": "provider.aws"
                },
                "aws_route_table_association.PublicAZA": {
                    "type": "aws_route_table_association",
                    "depends_on": [
                        "aws_route_table.public",
                        "aws_subnet.PublicAZA"
                    ],
                    "primary": {
                        "id": "rtbassoc-56a22829",
                        "attributes": {
                            "id": "rtbassoc-56a22829",
                            "route_table_id": "rtb-64a48118",
                            "subnet_id": "subnet-8dfe0eea"
                        },
                        "meta": {},
                        "tainted": false
                    },
                    "deposed": [],
                    "provider": "provider.aws"
                },
                "aws_route_table_association.PublicAZB": {
                    "type": "aws_route_table_association",
                    "depends_on": [
                        "aws_route_table.public",
                        "aws_subnet.PublicAZB"
                    ],
                    "primary": {
                        "id": "rtbassoc-b2a62ccd",
                        "attributes": {
                            "id": "rtbassoc-b2a62ccd",
                            "route_table_id": "rtb-64a48118",
                            "subnet_id": "subnet-7a27c654"
                        },
                        "meta": {},
                        "tainted": false
                    },
                    "deposed": [],
                    "provider": "provider.aws"
                },
                "aws_security_group.Backend": {
                    "type": "aws_security_group",
                    "depends_on": [
                        "aws_security_group.FrontEnd",
                        "aws_vpc.terraformmain"
                    ],
                    "primary": {
                        "id": "sg-03c8994a",
                        "attributes": {
                            "arn": "arn:aws:ec2:us-east-1:346310308399:security-group/sg-03c8994a",
                            "description": "ONLY tcp CONNECTION INBOUND",
                            "egress.#": "1",
                            "egress.482069346.cidr_blocks.#": "1",
                            "egress.482069346.cidr_blocks.0": "0.0.0.0/0",
                            "egress.482069346.description": "",
                            "egress.482069346.from_port": "0",
                            "egress.482069346.ipv6_cidr_blocks.#": "0",
                            "egress.482069346.prefix_list_ids.#": "0",
                            "egress.482069346.protocol": "-1",
                            "egress.482069346.security_groups.#": "0",
                            "egress.482069346.self": "false",
                            "egress.482069346.to_port": "0",
                            "id": "sg-03c8994a",
                            "ingress.#": "3",
                            "ingress.2223400681.cidr_blocks.#": "1",
                            "ingress.2223400681.cidr_blocks.0": "0.0.0.0/0",
                            "ingress.2223400681.description": "",
                            "ingress.2223400681.from_port": "3389",
                            "ingress.2223400681.ipv6_cidr_blocks.#": "0",
                            "ingress.2223400681.protocol": "TCP",
                            "ingress.2223400681.security_groups.#": "0",
                            "ingress.2223400681.self": "false",
                            "ingress.2223400681.to_port": "3389",
                            "ingress.2541437006.cidr_blocks.#": "1",
                            "ingress.2541437006.cidr_blocks.0": "0.0.0.0/0",
                            "ingress.2541437006.description": "",
                            "ingress.2541437006.from_port": "22",
                            "ingress.2541437006.ipv6_cidr_blocks.#": "0",
                            "ingress.2541437006.protocol": "TCP",
                            "ingress.2541437006.security_groups.#": "0",
                            "ingress.2541437006.self": "false",
                            "ingress.2541437006.to_port": "22",
                            "ingress.2858889104.cidr_blocks.#": "0",
                            "ingress.2858889104.description": "",
                            "ingress.2858889104.from_port": "3306",
                            "ingress.2858889104.ipv6_cidr_blocks.#": "0",
                            "ingress.2858889104.protocol": "TCP",
                            "ingress.2858889104.security_groups.#": "1",
                            "ingress.2858889104.security_groups.1919858141": "sg-11b3fe58",
                            "ingress.2858889104.self": "false",
                            "ingress.2858889104.to_port": "3306",
                            "name": "Backend",
                            "owner_id": "346310308399",
                            "revoke_rules_on_delete": "false",
                            "tags.%": "1",
                            "tags.Name": "Backend",
                            "vpc_id": "vpc-8d9fd3f6"
                        },
                        "meta": {
                            "e2bfb730-ecaa-11e6-8f88-34363bc7c4c0": {
                                "create": 600000000000,
                                "delete": 600000000000
                            },
                            "schema_version": "1"
                        },
                        "tainted": false
                    },
                    "deposed": [],
                    "provider": "provider.aws"
                },
                "aws_security_group.FrontEnd": {
                    "type": "aws_security_group",
                    "depends_on": [
                        "aws_vpc.terraformmain"
                    ],
                    "primary": {
                        "id": "sg-11b3fe58",
                        "attributes": {
                            "arn": "arn:aws:ec2:us-east-1:346310308399:security-group/sg-11b3fe58",
                            "description": "ONLY HTTP CONNECTION IN-BOUND",
                            "egress.#": "1",
                            "egress.482069346.cidr_blocks.#": "1",
                            "egress.482069346.cidr_blocks.0": "0.0.0.0/0",
                            "egress.482069346.description": "",
                            "egress.482069346.from_port": "0",
                            "egress.482069346.ipv6_cidr_blocks.#": "0",
                            "egress.482069346.prefix_list_ids.#": "0",
                            "egress.482069346.protocol": "-1",
                            "egress.482069346.security_groups.#": "0",
                            "egress.482069346.self": "false",
                            "egress.482069346.to_port": "0",
                            "id": "sg-11b3fe58",
                            "ingress.#": "5",
                            "ingress.1163740523.cidr_blocks.#": "1",
                            "ingress.1163740523.cidr_blocks.0": "0.0.0.0/0",
                            "ingress.1163740523.description": "",
                            "ingress.1163740523.from_port": "3306",
                            "ingress.1163740523.ipv6_cidr_blocks.#": "0",
                            "ingress.1163740523.protocol": "TCP",
                            "ingress.1163740523.security_groups.#": "0",
                            "ingress.1163740523.self": "false",
                            "ingress.1163740523.to_port": "3306",
                            "ingress.2214680975.cidr_blocks.#": "1",
                            "ingress.2214680975.cidr_blocks.0": "0.0.0.0/0",
                            "ingress.2214680975.description": "",
                            "ingress.2214680975.from_port": "80",
                            "ingress.2214680975.ipv6_cidr_blocks.#": "0",
                            "ingress.2214680975.protocol": "TCP",
                            "ingress.2214680975.security_groups.#": "0",
                            "ingress.2214680975.self": "false",
                            "ingress.2214680975.to_port": "80",
                            "ingress.2223400681.cidr_blocks.#": "1",
                            "ingress.2223400681.cidr_blocks.0": "0.0.0.0/0",
                            "ingress.2223400681.description": "",
                            "ingress.2223400681.from_port": "3389",
                            "ingress.2223400681.ipv6_cidr_blocks.#": "0",
                            "ingress.2223400681.protocol": "TCP",
                            "ingress.2223400681.security_groups.#": "0",
                            "ingress.2223400681.self": "false",
                            "ingress.2223400681.to_port": "3389",
                            "ingress.2541437006.cidr_blocks.#": "1",
                            "ingress.2541437006.cidr_blocks.0": "0.0.0.0/0",
                            "ingress.2541437006.description": "",
                            "ingress.2541437006.from_port": "22",
                            "ingress.2541437006.ipv6_cidr_blocks.#": "0",
                            "ingress.2541437006.protocol": "TCP",
                            "ingress.2541437006.security_groups.#": "0",
                            "ingress.2541437006.self": "false",
                            "ingress.2541437006.to_port": "22",
                            "ingress.2617001939.cidr_blocks.#": "1",
                            "ingress.2617001939.cidr_blocks.0": "0.0.0.0/0",
                            "ingress.2617001939.description": "",
                            "ingress.2617001939.from_port": "443",
                            "ingress.2617001939.ipv6_cidr_blocks.#": "0",
                            "ingress.2617001939.protocol": "TCP",
                            "ingress.2617001939.security_groups.#": "0",
                            "ingress.2617001939.self": "false",
                            "ingress.2617001939.to_port": "443",
                            "name": "FrontEnd",
                            "owner_id": "346310308399",
                            "revoke_rules_on_delete": "false",
                            "tags.%": "1",
                            "tags.Name": "FrontEnd",
                            "vpc_id": "vpc-8d9fd3f6"
                        },
                        "meta": {
                            "e2bfb730-ecaa-11e6-8f88-34363bc7c4c0": {
                                "create": 600000000000,
                                "delete": 600000000000
                            },
                            "schema_version": "1"
                        },
                        "tainted": false
                    },
                    "deposed": [],
                    "provider": "provider.aws"
                },
                "aws_security_group.my_db_sg": {
                    "type": "aws_security_group",
                    "depends_on": [
                        "aws_vpc.terraformmain"
                    ],
                    "primary": {
                        "id": "sg-80c495c9",
                        "attributes": {
                            "arn": "arn:aws:ec2:us-east-1:346310308399:security-group/sg-80c495c9",
                            "description": "RDS  servers (terraform-managed)",
                            "egress.#": "1",
                            "egress.482069346.cidr_blocks.#": "1",
                            "egress.482069346.cidr_blocks.0": "0.0.0.0/0",
                            "egress.482069346.description": "",
                            "egress.482069346.from_port": "0",
                            "egress.482069346.ipv6_cidr_blocks.#": "0",
                            "egress.482069346.prefix_list_ids.#": "0",
                            "egress.482069346.protocol": "-1",
                            "egress.482069346.security_groups.#": "0",
                            "egress.482069346.self": "false",
                            "egress.482069346.to_port": "0",
                            "id": "sg-80c495c9",
                            "ingress.#": "1",
                            "ingress.1163740523.cidr_blocks.#": "1",
                            "ingress.1163740523.cidr_blocks.0": "0.0.0.0/0",
                            "ingress.1163740523.description": "",
                            "ingress.1163740523.from_port": "3306",
                            "ingress.1163740523.ipv6_cidr_blocks.#": "0",
                            "ingress.1163740523.protocol": "tcp",
                            "ingress.1163740523.security_groups.#": "0",
                            "ingress.1163740523.self": "false",
                            "ingress.1163740523.to_port": "3306",
                            "name": "my_db_sg",
                            "owner_id": "346310308399",
                            "revoke_rules_on_delete": "false",
                            "tags.%": "0",
                            "vpc_id": "vpc-8d9fd3f6"
                        },
                        "meta": {
                            "e2bfb730-ecaa-11e6-8f88-34363bc7c4c0": {
                                "create": 600000000000,
                                "delete": 600000000000
                            },
                            "schema_version": "1"
                        },
                        "tainted": false
                    },
                    "deposed": [],
                    "provider": "provider.aws"
                },
                "aws_subnet.PrivateAZA": {
                    "type": "aws_subnet",
                    "depends_on": [
                        "aws_vpc.terraformmain",
                        "data.aws_availability_zones.available"
                    ],
                    "primary": {
                        "id": "subnet-03a84b2d",
                        "attributes": {
                            "assign_ipv6_address_on_creation": "false",
                            "availability_zone": "us-east-1b",
                            "cidr_block": "172.28.3.0/24",
                            "id": "subnet-03a84b2d",
                            "map_public_ip_on_launch": "false",
                            "tags.%": "1",
                            "tags.Name": "PublicAZB",
                            "vpc_id": "vpc-8d9fd3f6"
                        },
                        "meta": {
                            "schema_version": "1"
                        },
                        "tainted": false
                    },
                    "deposed": [],
                    "provider": "provider.aws"
                },
                "aws_subnet.PublicAZA": {
                    "type": "aws_subnet",
                    "depends_on": [
                        "aws_vpc.terraformmain",
                        "data.aws_availability_zones.available"
                    ],
                    "primary": {
                        "id": "subnet-8dfe0eea",
                        "attributes": {
                            "assign_ipv6_address_on_creation": "false",
                            "availability_zone": "us-east-1a",
                            "cidr_block": "172.28.0.0/24",
                            "id": "subnet-8dfe0eea",
                            "map_public_ip_on_launch": "false",
                            "tags.%": "1",
                            "tags.Name": "PublicAZA",
                            "vpc_id": "vpc-8d9fd3f6"
                        },
                        "meta": {
                            "schema_version": "1"
                        },
                        "tainted": false
                    },
                    "deposed": [],
                    "provider": "provider.aws"
                },
                "aws_subnet.PublicAZB": {
                    "type": "aws_subnet",
                    "depends_on": [
                        "aws_vpc.terraformmain",
                        "data.aws_availability_zones.available"
                    ],
                    "primary": {
                        "id": "subnet-7a27c654",
                        "attributes": {
                            "assign_ipv6_address_on_creation": "false",
                            "availability_zone": "us-east-1b",
                            "cidr_block": "172.28.1.0/24",
                            "id": "subnet-7a27c654",
                            "map_public_ip_on_launch": "false",
                            "tags.%": "1",
                            "tags.Name": "PublicAZB",
                            "vpc_id": "vpc-8d9fd3f6"
                        },
                        "meta": {
                            "schema_version": "1"
                        },
                        "tainted": false
                    },
                    "deposed": [],
                    "provider": "provider.aws"
                },
                "aws_vpc.terraformmain": {
                    "type": "aws_vpc",
                    "depends_on": [],
                    "primary": {
                        "id": "vpc-8d9fd3f6",
                        "attributes": {
                            "assign_generated_ipv6_cidr_block": "false",
                            "cidr_block": "172.28.0.0/16",
                            "default_network_acl_id": "acl-c49839be",
                            "default_route_table_id": "rtb-0777287b",
                            "default_security_group_id": "sg-fac885b3",
                            "dhcp_options_id": "dopt-5a9e6f3e",
                            "enable_classiclink": "false",
                            "enable_classiclink_dns_support": "false",
                            "enable_dns_hostnames": "true",
                            "enable_dns_support": "true",
                            "id": "vpc-8d9fd3f6",
                            "instance_tenancy": "default",
                            "main_route_table_id": "rtb-0777287b",
                            "tags.%": "1",
                            "tags.Name": "My terraform vpc"
                        },
                        "meta": {
                            "schema_version": "1"
                        },
                        "tainted": false
                    },
                    "deposed": [],
                    "provider": "provider.aws"
                },
                "data.aws_availability_zones.available": {
                    "type": "aws_availability_zones",
                    "depends_on": [],
                    "primary": {
                        "id": "2018-04-25 22:59:06.075902 +0000 UTC",
                        "attributes": {
                            "id": "2018-04-25 22:59:06.075902 +0000 UTC",
                            "names.#": "6",
                            "names.0": "us-east-1a",
                            "names.1": "us-east-1b",
                            "names.2": "us-east-1c",
                            "names.3": "us-east-1d",
                            "names.4": "us-east-1e",
                            "names.5": "us-east-1f"
                        },
                        "meta": {},
                        "tainted": false
                    },
                    "deposed": [],
                    "provider": "provider.aws"
                },
                "data.aws_iam_policy.ReadOnlyAccess": {
                    "type": "aws_iam_policy",
                    "depends_on": [],
                    "primary": {
                        "id": "arn:aws:iam::aws:policy/AdministratorAccess",
                        "attributes": {
                            "arn": "arn:aws:iam::aws:policy/AdministratorAccess",
                            "description": "Provides full access to AWS services and resources.",
                            "id": "arn:aws:iam::aws:policy/AdministratorAccess",
                            "name": "AdministratorAccess",
                            "path": "/",
                            "policy": "{\n  \"Version\": \"2012-10-17\",\n  \"Statement\": [\n    {\n      \"Effect\": \"Allow\",\n      \"Action\": \"*\",\n      \"Resource\": \"*\"\n    }\n  ]\n}"
                        },
                        "meta": {},
                        "tainted": false
                    },
                    "deposed": [],
                    "provider": "provider.aws"
                }
            },
            "depends_on": []
        }
    ]
}
