{
    "version": 3,
    "terraform_version": "0.11.7",
    "serial": 85,
    "lineage": "3732286b-2d9d-3c24-9104-0bd8e317e043",
    "modules": [
        {
            "path": [
                "root"
            ],
            "outputs": {},
            "resources": {
                "aws_db_instance.default": {
                    "type": "aws_db_instance",
                    "depends_on": [
                        "aws_db_subnet_group.dbsubnet",
                        "aws_security_group.FrontEnd"
                    ],
                    "primary": {
                        "id": "terraform-20180429002834625300000002",
                        "attributes": {
                            "address": "terraform-20180429002834625300000002.ct7lgzsrlxwd.us-east-1.rds.amazonaws.com",
                            "allocated_storage": "10",
                            "arn": "arn:aws:rds:us-east-1:346310308399:db:terraform-20180429002834625300000002",
                            "auto_minor_version_upgrade": "true",
                            "availability_zone": "us-east-1b",
                            "backup_retention_period": "0",
                            "backup_window": "05:07-05:37",
                            "ca_cert_identifier": "rds-ca-2015",
                            "copy_tags_to_snapshot": "false",
                            "db_subnet_group_name": "terraform-20180429002832808800000001",
                            "enabled_cloudwatch_logs_exports.#": "0",
                            "endpoint": "terraform-20180429002834625300000002.ct7lgzsrlxwd.us-east-1.rds.amazonaws.com:3306",
                            "engine": "mysql",
                            "engine_version": "5.7.21",
                            "hosted_zone_id": "Z2R2ITUGPM61AM",
                            "iam_database_authentication_enabled": "false",
                            "id": "terraform-20180429002834625300000002",
                            "identifier": "terraform-20180429002834625300000002",
                            "instance_class": "db.t2.micro",
                            "iops": "0",
                            "kms_key_id": "",
                            "license_model": "general-public-license",
                            "maintenance_window": "tue:07:14-tue:07:44",
                            "monitoring_interval": "0",
                            "multi_az": "false",
                            "name": "ejs",
                            "option_group_name": "default:mysql-5-7",
                            "parameter_group_name": "default.mysql5.7",
                            "password": "initial123",
                            "port": "3306",
                            "publicly_accessible": "false",
                            "replicas.#": "0",
                            "replicate_source_db": "",
                            "resource_id": "db-G63I5EFKASPCWXXRVMWP52346Y",
                            "security_group_names.#": "0",
                            "skip_final_snapshot": "true",
                            "status": "available",
                            "storage_encrypted": "false",
                            "storage_type": "gp2",
                            "tags.%": "0",
                            "timezone": "",
                            "username": "sa",
                            "vpc_security_group_ids.#": "1",
                            "vpc_security_group_ids.1368266434": "sg-d0b38399"
                        },
                        "meta": {
                            "e2bfb730-ecaa-11e6-8f88-34363bc7c4c0": {
                                "create": 2400000000000,
                                "delete": 2400000000000,
                                "update": 4800000000000
                            }
                        },
                        "tainted": false
                    },
                    "deposed": [],
                    "provider": "provider.aws"
                },
                "aws_db_subnet_group.dbsubnet": {
                    "type": "aws_db_subnet_group",
                    "depends_on": [
                        "aws_subnet.PublicAZA",
                        "aws_subnet.PublicAZB"
                    ],
                    "primary": {
                        "id": "terraform-20180429002832808800000001",
                        "attributes": {
                            "arn": "arn:aws:rds:us-east-1:346310308399:subgrp:terraform-20180429002832808800000001",
                            "description": "Managed by Terraform",
                            "id": "terraform-20180429002832808800000001",
                            "name": "terraform-20180429002832808800000001",
                            "subnet_ids.#": "2",
                            "subnet_ids.3686147196": "subnet-bb5ca1dc",
                            "subnet_ids.624794252": "subnet-510ee27f",
                            "tags.%": "0"
                        },
                        "meta": {},
                        "tainted": false
                    },
                    "deposed": [],
                    "provider": "provider.aws"
                },
                "aws_eip.forNat": {
                    "type": "aws_eip",
                    "depends_on": [],
                    "primary": {
                        "id": "eipalloc-3e6f6c37",
                        "attributes": {
                            "association_id": "eipassoc-8f945573",
                            "domain": "vpc",
                            "id": "eipalloc-3e6f6c37",
                            "instance": "",
                            "network_interface": "eni-65d5bae6",
                            "private_ip": "172.28.0.204",
                            "public_ip": "18.205.255.168",
                            "tags.%": "0",
                            "vpc": "true"
                        },
                        "meta": {
                            "e2bfb730-ecaa-11e6-8f88-34363bc7c4c0": {
                                "delete": 180000000000,
                                "read": 900000000000,
                                "update": 300000000000
                            }
                        },
                        "tainted": false
                    },
                    "deposed": [],
                    "provider": "provider.aws"
                },
                "aws_iam_instance_profile.ssm_profile": {
                    "type": "aws_iam_instance_profile",
                    "depends_on": [
                        "aws_iam_role.ssm_role"
                    ],
                    "primary": {
                        "id": "ssm_profile",
                        "attributes": {
                            "arn": "arn:aws:iam::346310308399:instance-profile/ssm_profile",
                            "id": "ssm_profile",
                            "name": "ssm_profile",
                            "path": "/",
                            "role": "ssm_role",
                            "roles.#": "1",
                            "roles.3799618116": "ssm_role",
                            "unique_id": "AIPAJ7JMSKEHSBDASG7JI"
                        },
                        "meta": {},
                        "tainted": false
                    },
                    "deposed": [],
                    "provider": "provider.aws"
                },
                "aws_iam_role.ssm_role": {
                    "type": "aws_iam_role",
                    "depends_on": [],
                    "primary": {
                        "id": "ssm_role",
                        "attributes": {
                            "arn": "arn:aws:iam::346310308399:role/ssm_role",
                            "assume_role_policy": "{\"Version\":\"2012-10-17\",\"Statement\":[{\"Sid\":\"\",\"Effect\":\"Allow\",\"Principal\":{\"Service\":\"ec2.amazonaws.com\"},\"Action\":\"sts:AssumeRole\"}]}",
                            "create_date": "2018-04-29T00:28:28Z",
                            "force_detach_policies": "false",
                            "id": "ssm_role",
                            "max_session_duration": "3600",
                            "name": "ssm_role",
                            "path": "/",
                            "unique_id": "AROAJOP3BV5CSERYV5LBQ"
                        },
                        "meta": {},
                        "tainted": false
                    },
                    "deposed": [],
                    "provider": "provider.aws"
                },
                "aws_iam_role_policy_attachment.ssm_readonly_policy_attach": {
                    "type": "aws_iam_role_policy_attachment",
                    "depends_on": [
                        "aws_iam_role.ssm_role",
                        "data.aws_iam_policy.ReadOnlyAccess"
                    ],
                    "primary": {
                        "id": "ssm_role-20180429002839185400000003",
                        "attributes": {
                            "id": "ssm_role-20180429002839185400000003",
                            "policy_arn": "arn:aws:iam::aws:policy/AdministratorAccess",
                            "role": "ssm_role"
                        },
                        "meta": {},
                        "tainted": false
                    },
                    "deposed": [],
                    "provider": "provider.aws"
                },
                "aws_instance.chefserver": {
                    "type": "aws_instance",
                    "depends_on": [
                        "aws_iam_instance_profile.ssm_profile",
                        "aws_security_group.FrontEnd",
                        "aws_subnet.PublicAZA"
                    ],
                    "primary": {
                        "id": "i-01c6205332a25f648",
                        "attributes": {
                            "ami": "ami-1853ac65",
                            "associate_public_ip_address": "true",
                            "availability_zone": "us-east-1a",
                            "disable_api_termination": "false",
                            "ebs_block_device.#": "0",
                            "ebs_optimized": "false",
                            "ephemeral_block_device.#": "0",
                            "get_password_data": "false",
                            "iam_instance_profile": "ssm_profile",
                            "id": "i-01c6205332a25f648",
                            "instance_state": "running",
                            "instance_type": "t2.small",
                            "ipv6_addresses.#": "0",
                            "key_name": "ej_key_pair",
                            "monitoring": "false",
                            "network_interface.#": "0",
                            "network_interface_id": "eni-e56b0566",
                            "password_data": "",
                            "placement_group": "",
                            "primary_network_interface_id": "eni-e56b0566",
                            "private_dns": "ip-172-28-0-170.ec2.internal",
                            "private_ip": "172.28.0.170",
                            "public_dns": "ec2-34-232-48-33.compute-1.amazonaws.com",
                            "public_ip": "34.232.48.33",
                            "root_block_device.#": "1",
                            "root_block_device.0.delete_on_termination": "true",
                            "root_block_device.0.iops": "100",
                            "root_block_device.0.volume_id": "vol-04034a09b2fd0ab46",
                            "root_block_device.0.volume_size": "8",
                            "root_block_device.0.volume_type": "gp2",
                            "security_groups.#": "0",
                            "source_dest_check": "true",
                            "subnet_id": "subnet-bb5ca1dc",
                            "tags.%": "2",
                            "tags.Environment": "Test",
                            "tags.Name": "chefserver",
                            "tenancy": "default",
                            "user_data": "f793133c942dd5959839a256ca8d93ff0fcd0a40",
                            "volume_tags.%": "0",
                            "vpc_security_group_ids.#": "1",
                            "vpc_security_group_ids.1368266434": "sg-d0b38399"
                        },
                        "meta": {
                            "e2bfb730-ecaa-11e6-8f88-34363bc7c4c0": {
                                "create": 600000000000,
                                "delete": 1200000000000,
                                "update": 600000000000
                            },
                            "schema_version": "1"
                        },
                        "tainted": false
                    },
                    "deposed": [],
                    "provider": "provider.aws"
                },
                "aws_instance.chefworkstation": {
                    "type": "aws_instance",
                    "depends_on": [
                        "aws_iam_instance_profile.ssm_profile",
                        "aws_security_group.FrontEnd",
                        "aws_subnet.PublicAZA"
                    ],
                    "primary": {
                        "id": "i-0e9f09e6a15d6ae46",
                        "attributes": {
                            "ami": "ami-1853ac65",
                            "associate_public_ip_address": "true",
                            "availability_zone": "us-east-1a",
                            "disable_api_termination": "false",
                            "ebs_block_device.#": "0",
                            "ebs_optimized": "false",
                            "ephemeral_block_device.#": "0",
                            "get_password_data": "false",
                            "iam_instance_profile": "ssm_profile",
                            "id": "i-0e9f09e6a15d6ae46",
                            "instance_state": "running",
                            "instance_type": "t2.small",
                            "ipv6_addresses.#": "0",
                            "key_name": "ej_key_pair",
                            "monitoring": "false",
                            "network_interface.#": "0",
                            "network_interface_id": "eni-177f1194",
                            "password_data": "",
                            "placement_group": "",
                            "primary_network_interface_id": "eni-177f1194",
                            "private_dns": "ip-172-28-0-97.ec2.internal",
                            "private_ip": "172.28.0.97",
                            "public_dns": "ec2-18-204-229-103.compute-1.amazonaws.com",
                            "public_ip": "18.204.229.103",
                            "root_block_device.#": "1",
                            "root_block_device.0.delete_on_termination": "true",
                            "root_block_device.0.iops": "100",
                            "root_block_device.0.volume_id": "vol-01f27f29197a0a503",
                            "root_block_device.0.volume_size": "8",
                            "root_block_device.0.volume_type": "gp2",
                            "security_groups.#": "0",
                            "source_dest_check": "true",
                            "subnet_id": "subnet-bb5ca1dc",
                            "tags.%": "2",
                            "tags.Environment": "Test",
                            "tags.Name": "chefworkstation",
                            "tenancy": "default",
                            "user_data": "c05d7efbdcf077194e9006c8466d2e5943ec0bd4",
                            "volume_tags.%": "0",
                            "vpc_security_group_ids.#": "1",
                            "vpc_security_group_ids.1368266434": "sg-d0b38399"
                        },
                        "meta": {
                            "e2bfb730-ecaa-11e6-8f88-34363bc7c4c0": {
                                "create": 600000000000,
                                "delete": 1200000000000,
                                "update": 600000000000
                            },
                            "schema_version": "1"
                        },
                        "tainted": false
                    },
                    "deposed": [],
                    "provider": "provider.aws"
                },
                "aws_instance.windows": {
                    "type": "aws_instance",
                    "depends_on": [
                        "aws_security_group.FrontEnd",
                        "aws_subnet.PublicAZA"
                    ],
                    "primary": {
                        "id": "i-0c45ce2eb968cec89",
                        "attributes": {
                            "ami": "ami-838b53fc",
                            "associate_public_ip_address": "true",
                            "availability_zone": "us-east-1a",
                            "disable_api_termination": "false",
                            "ebs_block_device.#": "0",
                            "ebs_optimized": "false",
                            "ephemeral_block_device.#": "0",
                            "get_password_data": "false",
                            "iam_instance_profile": "",
                            "id": "i-0c45ce2eb968cec89",
                            "instance_state": "running",
                            "instance_type": "t2.micro",
                            "ipv6_addresses.#": "0",
                            "key_name": "ej_key_pair",
                            "monitoring": "false",
                            "network_interface.#": "0",
                            "network_interface_id": "eni-bed0bf3d",
                            "password_data": "",
                            "placement_group": "",
                            "primary_network_interface_id": "eni-bed0bf3d",
                            "private_dns": "ip-172-28-0-196.ec2.internal",
                            "private_ip": "172.28.0.196",
                            "public_dns": "ec2-34-205-27-55.compute-1.amazonaws.com",
                            "public_ip": "34.205.27.55",
                            "root_block_device.#": "1",
                            "root_block_device.0.delete_on_termination": "true",
                            "root_block_device.0.iops": "100",
                            "root_block_device.0.volume_id": "vol-0dc3fa03077b5a228",
                            "root_block_device.0.volume_size": "30",
                            "root_block_device.0.volume_type": "gp2",
                            "security_groups.#": "0",
                            "source_dest_check": "true",
                            "subnet_id": "subnet-bb5ca1dc",
                            "tags.%": "1",
                            "tags.Name": "windows",
                            "tenancy": "default",
                            "volume_tags.%": "0",
                            "vpc_security_group_ids.#": "1",
                            "vpc_security_group_ids.1368266434": "sg-d0b38399"
                        },
                        "meta": {
                            "e2bfb730-ecaa-11e6-8f88-34363bc7c4c0": {
                                "create": 600000000000,
                                "delete": 1200000000000,
                                "update": 600000000000
                            },
                            "schema_version": "1"
                        },
                        "tainted": false
                    },
                    "deposed": [],
                    "provider": "provider.aws"
                },
                "aws_internet_gateway.gw": {
                    "type": "aws_internet_gateway",
                    "depends_on": [
                        "aws_vpc.terraformmain"
                    ],
                    "primary": {
                        "id": "igw-53ee742b",
                        "attributes": {
                            "id": "igw-53ee742b",
                            "tags.%": "1",
                            "tags.Name": "internet gw terraform generated",
                            "vpc_id": "vpc-51affa2a"
                        },
                        "meta": {},
                        "tainted": false
                    },
                    "deposed": [],
                    "provider": "provider.aws"
                },
                "aws_nat_gateway.PublicAZA": {
                    "type": "aws_nat_gateway",
                    "depends_on": [
                        "aws_eip.forNat",
                        "aws_internet_gateway.gw",
                        "aws_subnet.PublicAZA"
                    ],
                    "primary": {
                        "id": "nat-041a28f3b8c15fdb6",
                        "attributes": {
                            "allocation_id": "eipalloc-3e6f6c37",
                            "id": "nat-041a28f3b8c15fdb6",
                            "network_interface_id": "eni-65d5bae6",
                            "private_ip": "172.28.0.204",
                            "public_ip": "18.205.255.168",
                            "subnet_id": "subnet-bb5ca1dc",
                            "tags.%": "0"
                        },
                        "meta": {},
                        "tainted": false
                    },
                    "deposed": [],
                    "provider": "provider.aws"
                },
                "aws_network_acl.all": {
                    "type": "aws_network_acl",
                    "depends_on": [
                        "aws_vpc.terraformmain"
                    ],
                    "primary": {
                        "id": "acl-c9a50cb3",
                        "attributes": {
                            "egress.#": "1",
                            "egress.2943206146.action": "allow",
                            "egress.2943206146.cidr_block": "0.0.0.0/0",
                            "egress.2943206146.from_port": "0",
                            "egress.2943206146.icmp_code": "0",
                            "egress.2943206146.icmp_type": "0",
                            "egress.2943206146.ipv6_cidr_block": "",
                            "egress.2943206146.protocol": "-1",
                            "egress.2943206146.rule_no": "2",
                            "egress.2943206146.to_port": "0",
                            "id": "acl-c9a50cb3",
                            "ingress.#": "1",
                            "ingress.1564094202.action": "allow",
                            "ingress.1564094202.cidr_block": "0.0.0.0/0",
                            "ingress.1564094202.from_port": "0",
                            "ingress.1564094202.icmp_code": "0",
                            "ingress.1564094202.icmp_type": "0",
                            "ingress.1564094202.ipv6_cidr_block": "",
                            "ingress.1564094202.protocol": "-1",
                            "ingress.1564094202.rule_no": "1",
                            "ingress.1564094202.to_port": "0",
                            "subnet_ids.#": "0",
                            "tags.%": "1",
                            "tags.Name": "open acl",
                            "vpc_id": "vpc-51affa2a"
                        },
                        "meta": {},
                        "tainted": false
                    },
                    "deposed": [],
                    "provider": "provider.aws"
                },
                "aws_route53_record.chefserver": {
                    "type": "aws_route53_record",
                    "depends_on": [
                        "aws_instance.chefserver"
                    ],
                    "primary": {
                        "id": "ZBVO8OQHTFSNO_chefserver.erich.com_CNAME",
                        "attributes": {
                            "allow_overwrite": "true",
                            "fqdn": "chefserver.erich.com",
                            "health_check_id": "",
                            "id": "ZBVO8OQHTFSNO_chefserver.erich.com_CNAME",
                            "name": "chefserver.erich.com",
                            "records.#": "1",
                            "records.3556977815": "ec2-34-232-48-33.compute-1.amazonaws.com",
                            "set_identifier": "",
                            "ttl": "60",
                            "type": "CNAME",
                            "zone_id": "ZBVO8OQHTFSNO"
                        },
                        "meta": {
                            "schema_version": "2"
                        },
                        "tainted": false
                    },
                    "deposed": [],
                    "provider": "provider.aws"
                },
                "aws_route53_record.ejs": {
                    "type": "aws_route53_record",
                    "depends_on": [
                        "aws_db_instance.default"
                    ],
                    "primary": {
                        "id": "ZBVO8OQHTFSNO_mysql.erich.com_CNAME",
                        "attributes": {
                            "allow_overwrite": "true",
                            "fqdn": "mysql.erich.com",
                            "health_check_id": "",
                            "id": "ZBVO8OQHTFSNO_mysql.erich.com_CNAME",
                            "name": "mysql.erich.com",
                            "records.#": "1",
                            "records.320732807": "terraform-20180429002834625300000002.ct7lgzsrlxwd.us-east-1.rds.amazonaws.com",
                            "set_identifier": "",
                            "ttl": "60",
                            "type": "CNAME",
                            "zone_id": "ZBVO8OQHTFSNO"
                        },
                        "meta": {
                            "schema_version": "2"
                        },
                        "tainted": false
                    },
                    "deposed": [],
                    "provider": "provider.aws"
                },
                "aws_route_table.private": {
                    "type": "aws_route_table",
                    "depends_on": [
                        "aws_nat_gateway.PublicAZA",
                        "aws_vpc.terraformmain"
                    ],
                    "primary": {
                        "id": "rtb-dee8dfa2",
                        "attributes": {
                            "id": "rtb-dee8dfa2",
                            "propagating_vgws.#": "0",
                            "route.#": "1",
                            "route.1473075180.cidr_block": "0.0.0.0/0",
                            "route.1473075180.egress_only_gateway_id": "",
                            "route.1473075180.gateway_id": "",
                            "route.1473075180.instance_id": "",
                            "route.1473075180.ipv6_cidr_block": "",
                            "route.1473075180.nat_gateway_id": "nat-041a28f3b8c15fdb6",
                            "route.1473075180.network_interface_id": "",
                            "route.1473075180.vpc_peering_connection_id": "",
                            "tags.%": "1",
                            "tags.Name": "Private",
                            "vpc_id": "vpc-51affa2a"
                        },
                        "meta": {},
                        "tainted": false
                    },
                    "deposed": [],
                    "provider": "provider.aws"
                },
                "aws_route_table.public": {
                    "type": "aws_route_table",
                    "depends_on": [
                        "aws_internet_gateway.gw",
                        "aws_vpc.terraformmain"
                    ],
                    "primary": {
                        "id": "rtb-a5ebdcd9",
                        "attributes": {
                            "id": "rtb-a5ebdcd9",
                            "propagating_vgws.#": "0",
                            "route.#": "1",
                            "route.3163992003.cidr_block": "0.0.0.0/0",
                            "route.3163992003.egress_only_gateway_id": "",
                            "route.3163992003.gateway_id": "igw-53ee742b",
                            "route.3163992003.instance_id": "",
                            "route.3163992003.ipv6_cidr_block": "",
                            "route.3163992003.nat_gateway_id": "",
                            "route.3163992003.network_interface_id": "",
                            "route.3163992003.vpc_peering_connection_id": "",
                            "tags.%": "1",
                            "tags.Name": "Public",
                            "vpc_id": "vpc-51affa2a"
                        },
                        "meta": {},
                        "tainted": false
                    },
                    "deposed": [],
                    "provider": "provider.aws"
                },
                "aws_route_table_association.PrivateAZA": {
                    "type": "aws_route_table_association",
                    "depends_on": [
                        "aws_route_table.private",
                        "aws_subnet.PrivateAZA"
                    ],
                    "primary": {
                        "id": "rtbassoc-3950c246",
                        "attributes": {
                            "id": "rtbassoc-3950c246",
                            "route_table_id": "rtb-dee8dfa2",
                            "subnet_id": "subnet-ef0ae6c1"
                        },
                        "meta": {},
                        "tainted": false
                    },
                    "deposed": [],
                    "provider": "provider.aws"
                },
                "aws_route_table_association.PublicAZA": {
                    "type": "aws_route_table_association",
                    "depends_on": [
                        "aws_route_table.public",
                        "aws_subnet.PublicAZA"
                    ],
                    "primary": {
                        "id": "rtbassoc-8759cbf8",
                        "attributes": {
                            "id": "rtbassoc-8759cbf8",
                            "route_table_id": "rtb-a5ebdcd9",
                            "subnet_id": "subnet-bb5ca1dc"
                        },
                        "meta": {},
                        "tainted": false
                    },
                    "deposed": [],
                    "provider": "provider.aws"
                },
                "aws_route_table_association.PublicAZB": {
                    "type": "aws_route_table_association",
                    "depends_on": [
                        "aws_route_table.public",
                        "aws_subnet.PublicAZB"
                    ],
                    "primary": {
                        "id": "rtbassoc-5059cb2f",
                        "attributes": {
                            "id": "rtbassoc-5059cb2f",
                            "route_table_id": "rtb-a5ebdcd9",
                            "subnet_id": "subnet-510ee27f"
                        },
                        "meta": {},
                        "tainted": false
                    },
                    "deposed": [],
                    "provider": "provider.aws"
                },
                "aws_security_group.Backend": {
                    "type": "aws_security_group",
                    "depends_on": [
                        "aws_security_group.FrontEnd",
                        "aws_vpc.terraformmain"
                    ],
                    "primary": {
                        "id": "sg-c5c7f78c",
                        "attributes": {
                            "arn": "arn:aws:ec2:us-east-1:346310308399:security-group/sg-c5c7f78c",
                            "description": "ONLY tcp CONNECTION INBOUND",
                            "egress.#": "1",
                            "egress.482069346.cidr_blocks.#": "1",
                            "egress.482069346.cidr_blocks.0": "0.0.0.0/0",
                            "egress.482069346.description": "",
                            "egress.482069346.from_port": "0",
                            "egress.482069346.ipv6_cidr_blocks.#": "0",
                            "egress.482069346.prefix_list_ids.#": "0",
                            "egress.482069346.protocol": "-1",
                            "egress.482069346.security_groups.#": "0",
                            "egress.482069346.self": "false",
                            "egress.482069346.to_port": "0",
                            "id": "sg-c5c7f78c",
                            "ingress.#": "3",
                            "ingress.2223400681.cidr_blocks.#": "1",
                            "ingress.2223400681.cidr_blocks.0": "0.0.0.0/0",
                            "ingress.2223400681.description": "",
                            "ingress.2223400681.from_port": "3389",
                            "ingress.2223400681.ipv6_cidr_blocks.#": "0",
                            "ingress.2223400681.protocol": "TCP",
                            "ingress.2223400681.security_groups.#": "0",
                            "ingress.2223400681.self": "false",
                            "ingress.2223400681.to_port": "3389",
                            "ingress.2541437006.cidr_blocks.#": "1",
                            "ingress.2541437006.cidr_blocks.0": "0.0.0.0/0",
                            "ingress.2541437006.description": "",
                            "ingress.2541437006.from_port": "22",
                            "ingress.2541437006.ipv6_cidr_blocks.#": "0",
                            "ingress.2541437006.protocol": "TCP",
                            "ingress.2541437006.security_groups.#": "0",
                            "ingress.2541437006.self": "false",
                            "ingress.2541437006.to_port": "22",
                            "ingress.659342022.cidr_blocks.#": "0",
                            "ingress.659342022.description": "",
                            "ingress.659342022.from_port": "3306",
                            "ingress.659342022.ipv6_cidr_blocks.#": "0",
                            "ingress.659342022.protocol": "TCP",
                            "ingress.659342022.security_groups.#": "1",
                            "ingress.659342022.security_groups.1368266434": "sg-d0b38399",
                            "ingress.659342022.self": "false",
                            "ingress.659342022.to_port": "3306",
                            "name": "Backend",
                            "owner_id": "346310308399",
                            "revoke_rules_on_delete": "false",
                            "tags.%": "1",
                            "tags.Name": "Backend",
                            "vpc_id": "vpc-51affa2a"
                        },
                        "meta": {
                            "e2bfb730-ecaa-11e6-8f88-34363bc7c4c0": {
                                "create": 600000000000,
                                "delete": 600000000000
                            },
                            "schema_version": "1"
                        },
                        "tainted": false
                    },
                    "deposed": [],
                    "provider": "provider.aws"
                },
                "aws_security_group.FrontEnd": {
                    "type": "aws_security_group",
                    "depends_on": [
                        "aws_vpc.terraformmain"
                    ],
                    "primary": {
                        "id": "sg-d0b38399",
                        "attributes": {
                            "arn": "arn:aws:ec2:us-east-1:346310308399:security-group/sg-d0b38399",
                            "description": "ONLY HTTP CONNECTION IN-BOUND",
                            "egress.#": "1",
                            "egress.482069346.cidr_blocks.#": "1",
                            "egress.482069346.cidr_blocks.0": "0.0.0.0/0",
                            "egress.482069346.description": "",
                            "egress.482069346.from_port": "0",
                            "egress.482069346.ipv6_cidr_blocks.#": "0",
                            "egress.482069346.prefix_list_ids.#": "0",
                            "egress.482069346.protocol": "-1",
                            "egress.482069346.security_groups.#": "0",
                            "egress.482069346.self": "false",
                            "egress.482069346.to_port": "0",
                            "id": "sg-d0b38399",
                            "ingress.#": "5",
                            "ingress.1163740523.cidr_blocks.#": "1",
                            "ingress.1163740523.cidr_blocks.0": "0.0.0.0/0",
                            "ingress.1163740523.description": "",
                            "ingress.1163740523.from_port": "3306",
                            "ingress.1163740523.ipv6_cidr_blocks.#": "0",
                            "ingress.1163740523.protocol": "TCP",
                            "ingress.1163740523.security_groups.#": "0",
                            "ingress.1163740523.self": "false",
                            "ingress.1163740523.to_port": "3306",
                            "ingress.2214680975.cidr_blocks.#": "1",
                            "ingress.2214680975.cidr_blocks.0": "0.0.0.0/0",
                            "ingress.2214680975.description": "",
                            "ingress.2214680975.from_port": "80",
                            "ingress.2214680975.ipv6_cidr_blocks.#": "0",
                            "ingress.2214680975.protocol": "TCP",
                            "ingress.2214680975.security_groups.#": "0",
                            "ingress.2214680975.self": "false",
                            "ingress.2214680975.to_port": "80",
                            "ingress.2223400681.cidr_blocks.#": "1",
                            "ingress.2223400681.cidr_blocks.0": "0.0.0.0/0",
                            "ingress.2223400681.description": "",
                            "ingress.2223400681.from_port": "3389",
                            "ingress.2223400681.ipv6_cidr_blocks.#": "0",
                            "ingress.2223400681.protocol": "TCP",
                            "ingress.2223400681.security_groups.#": "0",
                            "ingress.2223400681.self": "false",
                            "ingress.2223400681.to_port": "3389",
                            "ingress.2541437006.cidr_blocks.#": "1",
                            "ingress.2541437006.cidr_blocks.0": "0.0.0.0/0",
                            "ingress.2541437006.description": "",
                            "ingress.2541437006.from_port": "22",
                            "ingress.2541437006.ipv6_cidr_blocks.#": "0",
                            "ingress.2541437006.protocol": "TCP",
                            "ingress.2541437006.security_groups.#": "0",
                            "ingress.2541437006.self": "false",
                            "ingress.2541437006.to_port": "22",
                            "ingress.2617001939.cidr_blocks.#": "1",
                            "ingress.2617001939.cidr_blocks.0": "0.0.0.0/0",
                            "ingress.2617001939.description": "",
                            "ingress.2617001939.from_port": "443",
                            "ingress.2617001939.ipv6_cidr_blocks.#": "0",
                            "ingress.2617001939.protocol": "TCP",
                            "ingress.2617001939.security_groups.#": "0",
                            "ingress.2617001939.self": "false",
                            "ingress.2617001939.to_port": "443",
                            "name": "FrontEnd",
                            "owner_id": "346310308399",
                            "revoke_rules_on_delete": "false",
                            "tags.%": "1",
                            "tags.Name": "FrontEnd",
                            "vpc_id": "vpc-51affa2a"
                        },
                        "meta": {
                            "e2bfb730-ecaa-11e6-8f88-34363bc7c4c0": {
                                "create": 600000000000,
                                "delete": 600000000000
                            },
                            "schema_version": "1"
                        },
                        "tainted": false
                    },
                    "deposed": [],
                    "provider": "provider.aws"
                },
                "aws_security_group.my_db_sg": {
                    "type": "aws_security_group",
                    "depends_on": [
                        "aws_vpc.terraformmain"
                    ],
                    "primary": {
                        "id": "sg-a3c9f9ea",
                        "attributes": {
                            "arn": "arn:aws:ec2:us-east-1:346310308399:security-group/sg-a3c9f9ea",
                            "description": "RDS  servers (terraform-managed)",
                            "egress.#": "1",
                            "egress.482069346.cidr_blocks.#": "1",
                            "egress.482069346.cidr_blocks.0": "0.0.0.0/0",
                            "egress.482069346.description": "",
                            "egress.482069346.from_port": "0",
                            "egress.482069346.ipv6_cidr_blocks.#": "0",
                            "egress.482069346.prefix_list_ids.#": "0",
                            "egress.482069346.protocol": "-1",
                            "egress.482069346.security_groups.#": "0",
                            "egress.482069346.self": "false",
                            "egress.482069346.to_port": "0",
                            "id": "sg-a3c9f9ea",
                            "ingress.#": "1",
                            "ingress.1163740523.cidr_blocks.#": "1",
                            "ingress.1163740523.cidr_blocks.0": "0.0.0.0/0",
                            "ingress.1163740523.description": "",
                            "ingress.1163740523.from_port": "3306",
                            "ingress.1163740523.ipv6_cidr_blocks.#": "0",
                            "ingress.1163740523.protocol": "tcp",
                            "ingress.1163740523.security_groups.#": "0",
                            "ingress.1163740523.self": "false",
                            "ingress.1163740523.to_port": "3306",
                            "name": "my_db_sg",
                            "owner_id": "346310308399",
                            "revoke_rules_on_delete": "false",
                            "tags.%": "0",
                            "vpc_id": "vpc-51affa2a"
                        },
                        "meta": {
                            "e2bfb730-ecaa-11e6-8f88-34363bc7c4c0": {
                                "create": 600000000000,
                                "delete": 600000000000
                            },
                            "schema_version": "1"
                        },
                        "tainted": false
                    },
                    "deposed": [],
                    "provider": "provider.aws"
                },
                "aws_subnet.PrivateAZA": {
                    "type": "aws_subnet",
                    "depends_on": [
                        "aws_vpc.terraformmain",
                        "data.aws_availability_zones.available"
                    ],
                    "primary": {
                        "id": "subnet-ef0ae6c1",
                        "attributes": {
                            "assign_ipv6_address_on_creation": "false",
                            "availability_zone": "us-east-1b",
                            "cidr_block": "172.28.3.0/24",
                            "id": "subnet-ef0ae6c1",
                            "map_public_ip_on_launch": "false",
                            "tags.%": "1",
                            "tags.Name": "PublicAZB",
                            "vpc_id": "vpc-51affa2a"
                        },
                        "meta": {
                            "schema_version": "1"
                        },
                        "tainted": false
                    },
                    "deposed": [],
                    "provider": "provider.aws"
                },
                "aws_subnet.PublicAZA": {
                    "type": "aws_subnet",
                    "depends_on": [
                        "aws_vpc.terraformmain",
                        "data.aws_availability_zones.available"
                    ],
                    "primary": {
                        "id": "subnet-bb5ca1dc",
                        "attributes": {
                            "assign_ipv6_address_on_creation": "false",
                            "availability_zone": "us-east-1a",
                            "cidr_block": "172.28.0.0/24",
                            "id": "subnet-bb5ca1dc",
                            "map_public_ip_on_launch": "false",
                            "tags.%": "1",
                            "tags.Name": "PublicAZA",
                            "vpc_id": "vpc-51affa2a"
                        },
                        "meta": {
                            "schema_version": "1"
                        },
                        "tainted": false
                    },
                    "deposed": [],
                    "provider": "provider.aws"
                },
                "aws_subnet.PublicAZB": {
                    "type": "aws_subnet",
                    "depends_on": [
                        "aws_vpc.terraformmain",
                        "data.aws_availability_zones.available"
                    ],
                    "primary": {
                        "id": "subnet-510ee27f",
                        "attributes": {
                            "assign_ipv6_address_on_creation": "false",
                            "availability_zone": "us-east-1b",
                            "cidr_block": "172.28.1.0/24",
                            "id": "subnet-510ee27f",
                            "map_public_ip_on_launch": "false",
                            "tags.%": "1",
                            "tags.Name": "PublicAZB",
                            "vpc_id": "vpc-51affa2a"
                        },
                        "meta": {
                            "schema_version": "1"
                        },
                        "tainted": false
                    },
                    "deposed": [],
                    "provider": "provider.aws"
                },
                "aws_vpc.terraformmain": {
                    "type": "aws_vpc",
                    "depends_on": [],
                    "primary": {
                        "id": "vpc-51affa2a",
                        "attributes": {
                            "assign_generated_ipv6_cidr_block": "false",
                            "cidr_block": "172.28.0.0/16",
                            "default_network_acl_id": "acl-eca20b96",
                            "default_route_table_id": "rtb-d6ecdbaa",
                            "default_security_group_id": "sg-9bcbfbd2",
                            "dhcp_options_id": "dopt-5a9e6f3e",
                            "enable_classiclink": "false",
                            "enable_classiclink_dns_support": "false",
                            "enable_dns_hostnames": "true",
                            "enable_dns_support": "true",
                            "id": "vpc-51affa2a",
                            "instance_tenancy": "default",
                            "main_route_table_id": "rtb-d6ecdbaa",
                            "tags.%": "1",
                            "tags.Name": "My terraform vpc"
                        },
                        "meta": {
                            "schema_version": "1"
                        },
                        "tainted": false
                    },
                    "deposed": [],
                    "provider": "provider.aws"
                },
                "data.aws_availability_zones.available": {
                    "type": "aws_availability_zones",
                    "depends_on": [],
                    "primary": {
                        "id": "2018-04-29 02:15:27.906699 +0000 UTC",
                        "attributes": {
                            "id": "2018-04-29 02:15:27.906699 +0000 UTC",
                            "names.#": "6",
                            "names.0": "us-east-1a",
                            "names.1": "us-east-1b",
                            "names.2": "us-east-1c",
                            "names.3": "us-east-1d",
                            "names.4": "us-east-1e",
                            "names.5": "us-east-1f"
                        },
                        "meta": {},
                        "tainted": false
                    },
                    "deposed": [],
                    "provider": "provider.aws"
                },
                "data.aws_iam_policy.ReadOnlyAccess": {
                    "type": "aws_iam_policy",
                    "depends_on": [],
                    "primary": {
                        "id": "arn:aws:iam::aws:policy/AdministratorAccess",
                        "attributes": {
                            "arn": "arn:aws:iam::aws:policy/AdministratorAccess",
                            "description": "Provides full access to AWS services and resources.",
                            "id": "arn:aws:iam::aws:policy/AdministratorAccess",
                            "name": "AdministratorAccess",
                            "path": "/",
                            "policy": "{\n  \"Version\": \"2012-10-17\",\n  \"Statement\": [\n    {\n      \"Effect\": \"Allow\",\n      \"Action\": \"*\",\n      \"Resource\": \"*\"\n    }\n  ]\n}"
                        },
                        "meta": {},
                        "tainted": false
                    },
                    "deposed": [],
                    "provider": "provider.aws"
                }
            },
            "depends_on": []
        }
    ]
}
