{
    "version": 3,
    "terraform_version": "0.11.7",
    "serial": 223,
    "lineage": "3732286b-2d9d-3c24-9104-0bd8e317e043",
    "modules": [
        {
            "path": [
                "root"
            ],
            "outputs": {},
            "resources": {
                "aws_db_instance.default": {
                    "type": "aws_db_instance",
                    "depends_on": [
                        "aws_db_subnet_group.dbsubnet",
                        "aws_security_group.FrontEnd"
                    ],
                    "primary": {
                        "id": "terraform-20180509175903399100000003",
                        "attributes": {
                            "address": "terraform-20180509175903399100000003.ct7lgzsrlxwd.us-east-1.rds.amazonaws.com",
                            "allocated_storage": "10",
                            "arn": "arn:aws:rds:us-east-1:346310308399:db:terraform-20180509175903399100000003",
                            "auto_minor_version_upgrade": "true",
                            "availability_zone": "us-east-1b",
                            "backup_retention_period": "0",
                            "backup_window": "10:02-10:32",
                            "ca_cert_identifier": "rds-ca-2015",
                            "copy_tags_to_snapshot": "false",
                            "db_subnet_group_name": "terraform-20180509175901202100000002",
                            "enabled_cloudwatch_logs_exports.#": "0",
                            "endpoint": "terraform-20180509175903399100000003.ct7lgzsrlxwd.us-east-1.rds.amazonaws.com:3306",
                            "engine": "mysql",
                            "engine_version": "5.7.21",
                            "hosted_zone_id": "Z2R2ITUGPM61AM",
                            "iam_database_authentication_enabled": "false",
                            "id": "terraform-20180509175903399100000003",
                            "identifier": "terraform-20180509175903399100000003",
                            "instance_class": "db.t2.micro",
                            "iops": "0",
                            "kms_key_id": "",
                            "license_model": "general-public-license",
                            "maintenance_window": "fri:05:58-fri:06:28",
                            "monitoring_interval": "0",
                            "multi_az": "false",
                            "name": "ejs",
                            "option_group_name": "default:mysql-5-7",
                            "parameter_group_name": "default.mysql5.7",
                            "password": "initial123",
                            "port": "3306",
                            "publicly_accessible": "false",
                            "replicas.#": "0",
                            "replicate_source_db": "",
                            "resource_id": "db-XIPKDXTWINQHKXXI2OBB7RWUYA",
                            "security_group_names.#": "0",
                            "skip_final_snapshot": "true",
                            "status": "available",
                            "storage_encrypted": "false",
                            "storage_type": "gp2",
                            "tags.%": "0",
                            "timezone": "",
                            "username": "sa",
                            "vpc_security_group_ids.#": "1",
                            "vpc_security_group_ids.131014964": "sg-79a56431"
                        },
                        "meta": {
                            "e2bfb730-ecaa-11e6-8f88-34363bc7c4c0": {
                                "create": 2400000000000,
                                "delete": 2400000000000,
                                "update": 4800000000000
                            }
                        },
                        "tainted": false
                    },
                    "deposed": [],
                    "provider": "provider.aws"
                },
                "aws_db_subnet_group.dbsubnet": {
                    "type": "aws_db_subnet_group",
                    "depends_on": [
                        "aws_subnet.PublicAZA",
                        "aws_subnet.PublicAZB"
                    ],
                    "primary": {
                        "id": "terraform-20180509175901202100000002",
                        "attributes": {
                            "arn": "arn:aws:rds:us-east-1:346310308399:subgrp:terraform-20180509175901202100000002",
                            "description": "Managed by Terraform",
                            "id": "terraform-20180509175901202100000002",
                            "name": "terraform-20180509175901202100000002",
                            "subnet_ids.#": "2",
                            "subnet_ids.2109520162": "subnet-a2fe0e8c",
                            "subnet_ids.3613086223": "subnet-4854912f",
                            "tags.%": "0"
                        },
                        "meta": {},
                        "tainted": false
                    },
                    "deposed": [],
                    "provider": "provider.aws"
                },
                "aws_eip.forNat": {
                    "type": "aws_eip",
                    "depends_on": [],
                    "primary": {
                        "id": "eipalloc-38e10730",
                        "attributes": {
                            "association_id": "",
                            "domain": "vpc",
                            "id": "eipalloc-38e10730",
                            "instance": "",
                            "network_interface": "",
                            "private_ip": "",
                            "public_ip": "52.72.122.156",
                            "tags.%": "0",
                            "vpc": "true"
                        },
                        "meta": {
                            "e2bfb730-ecaa-11e6-8f88-34363bc7c4c0": {
                                "delete": 180000000000,
                                "read": 900000000000,
                                "update": 300000000000
                            }
                        },
                        "tainted": false
                    },
                    "deposed": [],
                    "provider": "provider.aws"
                },
                "aws_iam_instance_profile.ssm_profile": {
                    "type": "aws_iam_instance_profile",
                    "depends_on": [
                        "aws_iam_role.ssm_role"
                    ],
                    "primary": {
                        "id": "ssm_profile",
                        "attributes": {
                            "arn": "arn:aws:iam::346310308399:instance-profile/ssm_profile",
                            "id": "ssm_profile",
                            "name": "ssm_profile",
                            "path": "/",
                            "role": "ssm_role",
                            "roles.#": "0",
                            "unique_id": "AIPAIBAHQTLPP3PQOONGW"
                        },
                        "meta": {},
                        "tainted": false
                    },
                    "deposed": [],
                    "provider": "provider.aws"
                },
                "aws_iam_role.ssm_role": {
                    "type": "aws_iam_role",
                    "depends_on": [],
                    "primary": {
                        "id": "ssm_role",
                        "attributes": {
                            "arn": "arn:aws:iam::346310308399:role/ssm_role",
                            "assume_role_policy": "{\"Version\":\"2012-10-17\",\"Statement\":[{\"Sid\":\"\",\"Effect\":\"Allow\",\"Principal\":{\"Service\":\"ec2.amazonaws.com\"},\"Action\":\"sts:AssumeRole\"}]}",
                            "create_date": "2018-05-09T17:58:54Z",
                            "force_detach_policies": "false",
                            "id": "ssm_role",
                            "max_session_duration": "3600",
                            "name": "ssm_role",
                            "path": "/",
                            "unique_id": "AROAI3ZHY3QPQS3C4OT5A"
                        },
                        "meta": {},
                        "tainted": false
                    },
                    "deposed": [],
                    "provider": "provider.aws"
                },
                "aws_iam_role_policy_attachment.ssm_readonly_policy_attach": {
                    "type": "aws_iam_role_policy_attachment",
                    "depends_on": [
                        "aws_iam_role.ssm_role",
                        "data.aws_iam_policy.ReadOnlyAccess"
                    ],
                    "primary": {
                        "id": "ssm_role-20180509175854923600000001",
                        "attributes": {
                            "id": "ssm_role-20180509175854923600000001",
                            "policy_arn": "arn:aws:iam::aws:policy/AdministratorAccess",
                            "role": "ssm_role"
                        },
                        "meta": {},
                        "tainted": false
                    },
                    "deposed": [],
                    "provider": "provider.aws"
                },
                "aws_instance.apache": {
                    "type": "aws_instance",
                    "depends_on": [
                        "aws_iam_instance_profile.ssm_profile",
                        "aws_security_group.FrontEnd",
                        "aws_subnet.PublicAZA"
                    ],
                    "primary": {
                        "id": "i-0c9cb7626b9a0ba39",
                        "attributes": {
                            "ami": "ami-1853ac65",
                            "associate_public_ip_address": "true",
                            "availability_zone": "us-east-1a",
                            "disable_api_termination": "false",
                            "ebs_block_device.#": "0",
                            "ebs_optimized": "false",
                            "ephemeral_block_device.#": "0",
                            "get_password_data": "false",
                            "iam_instance_profile": "ssm_profile",
                            "id": "i-0c9cb7626b9a0ba39",
                            "instance_state": "running",
                            "instance_type": "t2.micro",
                            "ipv6_addresses.#": "0",
                            "key_name": "ej_key_pair",
                            "monitoring": "false",
                            "network_interface.#": "0",
                            "network_interface_id": "eni-3884d6bb",
                            "password_data": "",
                            "placement_group": "",
                            "primary_network_interface_id": "eni-3884d6bb",
                            "private_dns": "ip-172-28-0-143.ec2.internal",
                            "private_ip": "172.28.0.143",
                            "public_dns": "ec2-18-206-149-145.compute-1.amazonaws.com",
                            "public_ip": "18.206.149.145",
                            "root_block_device.#": "1",
                            "root_block_device.0.delete_on_termination": "true",
                            "root_block_device.0.iops": "100",
                            "root_block_device.0.volume_id": "vol-0bc88e89be9696ca2",
                            "root_block_device.0.volume_size": "8",
                            "root_block_device.0.volume_type": "gp2",
                            "security_groups.#": "0",
                            "source_dest_check": "true",
                            "subnet_id": "subnet-4854912f",
                            "tags.%": "2",
                            "tags.Environment": "Test",
                            "tags.Name": "apache",
                            "tenancy": "default",
                            "user_data": "c8fc97353109b5ddd21833a9a3538b082fcc3349",
                            "volume_tags.%": "0",
                            "vpc_security_group_ids.#": "1",
                            "vpc_security_group_ids.131014964": "sg-79a56431"
                        },
                        "meta": {
                            "e2bfb730-ecaa-11e6-8f88-34363bc7c4c0": {
                                "create": 600000000000,
                                "delete": 1200000000000,
                                "update": 600000000000
                            },
                            "schema_version": "1"
                        },
                        "tainted": false
                    },
                    "deposed": [],
                    "provider": "provider.aws"
                },
                "aws_instance.chefserver": {
                    "type": "aws_instance",
                    "depends_on": [
                        "aws_iam_instance_profile.ssm_profile",
                        "aws_security_group.FrontEnd",
                        "aws_subnet.PublicAZA"
                    ],
                    "primary": {
                        "id": "i-06b309a53500e81db",
                        "attributes": {
                            "ami": "ami-1853ac65",
                            "associate_public_ip_address": "true",
                            "availability_zone": "us-east-1a",
                            "disable_api_termination": "false",
                            "ebs_block_device.#": "0",
                            "ebs_optimized": "false",
                            "ephemeral_block_device.#": "0",
                            "get_password_data": "false",
                            "iam_instance_profile": "ssm_profile",
                            "id": "i-06b309a53500e81db",
                            "instance_state": "running",
                            "instance_type": "t2.small",
                            "ipv6_addresses.#": "0",
                            "key_name": "ej_key_pair",
                            "monitoring": "false",
                            "network_interface.#": "0",
                            "network_interface_id": "eni-a887d52b",
                            "password_data": "",
                            "placement_group": "",
                            "primary_network_interface_id": "eni-a887d52b",
                            "private_dns": "ip-172-28-0-212.ec2.internal",
                            "private_ip": "172.28.0.212",
                            "public_dns": "ec2-52-3-221-186.compute-1.amazonaws.com",
                            "public_ip": "52.3.221.186",
                            "root_block_device.#": "1",
                            "root_block_device.0.delete_on_termination": "true",
                            "root_block_device.0.iops": "100",
                            "root_block_device.0.volume_id": "vol-0642c7125aafe61ed",
                            "root_block_device.0.volume_size": "8",
                            "root_block_device.0.volume_type": "gp2",
                            "security_groups.#": "0",
                            "source_dest_check": "true",
                            "subnet_id": "subnet-4854912f",
                            "tags.%": "2",
                            "tags.Environment": "Test",
                            "tags.Name": "chefserver",
                            "tenancy": "default",
                            "user_data": "8bdd7281fa90ec937bf2d8465a7c011b32886dd9",
                            "volume_tags.%": "0",
                            "vpc_security_group_ids.#": "1",
                            "vpc_security_group_ids.131014964": "sg-79a56431"
                        },
                        "meta": {
                            "e2bfb730-ecaa-11e6-8f88-34363bc7c4c0": {
                                "create": 600000000000,
                                "delete": 1200000000000,
                                "update": 600000000000
                            },
                            "schema_version": "1"
                        },
                        "tainted": false
                    },
                    "deposed": [],
                    "provider": "provider.aws"
                },
                "aws_internet_gateway.gw": {
                    "type": "aws_internet_gateway",
                    "depends_on": [
                        "aws_vpc.terraformmain"
                    ],
                    "primary": {
                        "id": "igw-7a0d6602",
                        "attributes": {
                            "id": "igw-7a0d6602",
                            "tags.%": "1",
                            "tags.Name": "internet gw terraform generated",
                            "vpc_id": "vpc-11b2956a"
                        },
                        "meta": {},
                        "tainted": false
                    },
                    "deposed": [],
                    "provider": "provider.aws"
                },
                "aws_nat_gateway.PublicAZA": {
                    "type": "aws_nat_gateway",
                    "depends_on": [
                        "aws_eip.forNat",
                        "aws_internet_gateway.gw",
                        "aws_subnet.PublicAZA"
                    ],
                    "primary": {
                        "id": "nat-0d280a254180221f4",
                        "attributes": {
                            "allocation_id": "eipalloc-38e10730",
                            "id": "nat-0d280a254180221f4",
                            "network_interface_id": "eni-1287d591",
                            "private_ip": "172.28.0.94",
                            "public_ip": "52.72.122.156",
                            "subnet_id": "subnet-4854912f",
                            "tags.%": "0"
                        },
                        "meta": {},
                        "tainted": false
                    },
                    "deposed": [],
                    "provider": "provider.aws"
                },
                "aws_network_acl.all": {
                    "type": "aws_network_acl",
                    "depends_on": [
                        "aws_vpc.terraformmain"
                    ],
                    "primary": {
                        "id": "acl-10cb4e6a",
                        "attributes": {
                            "egress.#": "1",
                            "egress.2943206146.action": "allow",
                            "egress.2943206146.cidr_block": "0.0.0.0/0",
                            "egress.2943206146.from_port": "0",
                            "egress.2943206146.icmp_code": "0",
                            "egress.2943206146.icmp_type": "0",
                            "egress.2943206146.ipv6_cidr_block": "",
                            "egress.2943206146.protocol": "-1",
                            "egress.2943206146.rule_no": "2",
                            "egress.2943206146.to_port": "0",
                            "id": "acl-10cb4e6a",
                            "ingress.#": "1",
                            "ingress.1564094202.action": "allow",
                            "ingress.1564094202.cidr_block": "0.0.0.0/0",
                            "ingress.1564094202.from_port": "0",
                            "ingress.1564094202.icmp_code": "0",
                            "ingress.1564094202.icmp_type": "0",
                            "ingress.1564094202.ipv6_cidr_block": "",
                            "ingress.1564094202.protocol": "-1",
                            "ingress.1564094202.rule_no": "1",
                            "ingress.1564094202.to_port": "0",
                            "subnet_ids.#": "0",
                            "tags.%": "1",
                            "tags.Name": "open acl",
                            "vpc_id": "vpc-11b2956a"
                        },
                        "meta": {},
                        "tainted": false
                    },
                    "deposed": [],
                    "provider": "provider.aws"
                },
                "aws_route53_record.apache": {
                    "type": "aws_route53_record",
                    "depends_on": [
                        "aws_instance.apache"
                    ],
                    "primary": {
                        "id": "ZBVO8OQHTFSNO_apache.erich.com_CNAME",
                        "attributes": {
                            "allow_overwrite": "true",
                            "fqdn": "apache.erich.com",
                            "id": "ZBVO8OQHTFSNO_apache.erich.com_CNAME",
                            "name": "apache.erich.com",
                            "records.#": "1",
                            "records.661079249": "ec2-18-206-149-145.compute-1.amazonaws.com",
                            "ttl": "60",
                            "type": "CNAME",
                            "zone_id": "ZBVO8OQHTFSNO"
                        },
                        "meta": {
                            "schema_version": "2"
                        },
                        "tainted": false
                    },
                    "deposed": [],
                    "provider": "provider.aws"
                },
                "aws_route53_record.chefserver": {
                    "type": "aws_route53_record",
                    "depends_on": [
                        "aws_instance.chefserver"
                    ],
                    "primary": {
                        "id": "ZBVO8OQHTFSNO_chefserver.erich.com_CNAME",
                        "attributes": {
                            "allow_overwrite": "true",
                            "fqdn": "chefserver.erich.com",
                            "id": "ZBVO8OQHTFSNO_chefserver.erich.com_CNAME",
                            "name": "chefserver.erich.com",
                            "records.#": "1",
                            "records.2180487221": "ec2-52-3-221-186.compute-1.amazonaws.com",
                            "ttl": "60",
                            "type": "CNAME",
                            "zone_id": "ZBVO8OQHTFSNO"
                        },
                        "meta": {
                            "schema_version": "2"
                        },
                        "tainted": false
                    },
                    "deposed": [],
                    "provider": "provider.aws"
                },
                "aws_route53_record.chefworkstation": {
                    "type": "aws_route53_record",
                    "depends_on": [
                        "aws_instance.chefserver"
                    ],
                    "primary": {
                        "id": "ZBVO8OQHTFSNO_chefworkstation.erich.com_CNAME",
                        "attributes": {
                            "allow_overwrite": "true",
                            "fqdn": "chefworkstation.erich.com",
                            "id": "ZBVO8OQHTFSNO_chefworkstation.erich.com_CNAME",
                            "name": "chefworkstation.erich.com",
                            "records.#": "1",
                            "records.2180487221": "ec2-52-3-221-186.compute-1.amazonaws.com",
                            "ttl": "60",
                            "type": "CNAME",
                            "zone_id": "ZBVO8OQHTFSNO"
                        },
                        "meta": {
                            "schema_version": "2"
                        },
                        "tainted": false
                    },
                    "deposed": [],
                    "provider": "provider.aws"
                },
                "aws_route53_record.ejs": {
                    "type": "aws_route53_record",
                    "depends_on": [
                        "aws_db_instance.default"
                    ],
                    "primary": {
                        "id": "ZBVO8OQHTFSNO_mysql.erich.com_CNAME",
                        "attributes": {
                            "allow_overwrite": "true",
                            "fqdn": "mysql.erich.com",
                            "id": "ZBVO8OQHTFSNO_mysql.erich.com_CNAME",
                            "name": "mysql.erich.com",
                            "records.#": "1",
                            "records.992175038": "terraform-20180509175903399100000003.ct7lgzsrlxwd.us-east-1.rds.amazonaws.com",
                            "ttl": "60",
                            "type": "CNAME",
                            "zone_id": "ZBVO8OQHTFSNO"
                        },
                        "meta": {
                            "schema_version": "2"
                        },
                        "tainted": false
                    },
                    "deposed": [],
                    "provider": "provider.aws"
                },
                "aws_route_table.private": {
                    "type": "aws_route_table",
                    "depends_on": [
                        "aws_nat_gateway.PublicAZA",
                        "aws_vpc.terraformmain"
                    ],
                    "primary": {
                        "id": "rtb-b7e6efcb",
                        "attributes": {
                            "id": "rtb-b7e6efcb",
                            "propagating_vgws.#": "0",
                            "route.#": "1",
                            "route.163115962.cidr_block": "0.0.0.0/0",
                            "route.163115962.egress_only_gateway_id": "",
                            "route.163115962.gateway_id": "",
                            "route.163115962.instance_id": "",
                            "route.163115962.ipv6_cidr_block": "",
                            "route.163115962.nat_gateway_id": "nat-0d280a254180221f4",
                            "route.163115962.network_interface_id": "",
                            "route.163115962.vpc_peering_connection_id": "",
                            "tags.%": "1",
                            "tags.Name": "Private",
                            "vpc_id": "vpc-11b2956a"
                        },
                        "meta": {},
                        "tainted": false
                    },
                    "deposed": [],
                    "provider": "provider.aws"
                },
                "aws_route_table.public": {
                    "type": "aws_route_table",
                    "depends_on": [
                        "aws_internet_gateway.gw",
                        "aws_vpc.terraformmain"
                    ],
                    "primary": {
                        "id": "rtb-5bf9f027",
                        "attributes": {
                            "id": "rtb-5bf9f027",
                            "propagating_vgws.#": "0",
                            "route.#": "1",
                            "route.4055676666.cidr_block": "0.0.0.0/0",
                            "route.4055676666.egress_only_gateway_id": "",
                            "route.4055676666.gateway_id": "igw-7a0d6602",
                            "route.4055676666.instance_id": "",
                            "route.4055676666.ipv6_cidr_block": "",
                            "route.4055676666.nat_gateway_id": "",
                            "route.4055676666.network_interface_id": "",
                            "route.4055676666.vpc_peering_connection_id": "",
                            "tags.%": "1",
                            "tags.Name": "Public",
                            "vpc_id": "vpc-11b2956a"
                        },
                        "meta": {},
                        "tainted": false
                    },
                    "deposed": [],
                    "provider": "provider.aws"
                },
                "aws_route_table_association.PrivateAZA": {
                    "type": "aws_route_table_association",
                    "depends_on": [
                        "aws_route_table.private",
                        "aws_subnet.PrivateAZA"
                    ],
                    "primary": {
                        "id": "rtbassoc-c80c7db7",
                        "attributes": {
                            "id": "rtbassoc-c80c7db7",
                            "route_table_id": "rtb-b7e6efcb",
                            "subnet_id": "subnet-888e7ea6"
                        },
                        "meta": {},
                        "tainted": false
                    },
                    "deposed": [],
                    "provider": "provider.aws"
                },
                "aws_route_table_association.PublicAZA": {
                    "type": "aws_route_table_association",
                    "depends_on": [
                        "aws_route_table.public",
                        "aws_subnet.PublicAZA"
                    ],
                    "primary": {
                        "id": "rtbassoc-727b0a0d",
                        "attributes": {
                            "id": "rtbassoc-727b0a0d",
                            "route_table_id": "rtb-5bf9f027",
                            "subnet_id": "subnet-4854912f"
                        },
                        "meta": {},
                        "tainted": false
                    },
                    "deposed": [],
                    "provider": "provider.aws"
                },
                "aws_route_table_association.PublicAZB": {
                    "type": "aws_route_table_association",
                    "depends_on": [
                        "aws_route_table.public",
                        "aws_subnet.PublicAZB"
                    ],
                    "primary": {
                        "id": "rtbassoc-380c7d47",
                        "attributes": {
                            "id": "rtbassoc-380c7d47",
                            "route_table_id": "rtb-5bf9f027",
                            "subnet_id": "subnet-a2fe0e8c"
                        },
                        "meta": {},
                        "tainted": false
                    },
                    "deposed": [],
                    "provider": "provider.aws"
                },
                "aws_security_group.Backend": {
                    "type": "aws_security_group",
                    "depends_on": [
                        "aws_security_group.FrontEnd",
                        "aws_vpc.terraformmain"
                    ],
                    "primary": {
                        "id": "sg-ad9051e5",
                        "attributes": {
                            "arn": "arn:aws:ec2:us-east-1:346310308399:security-group/sg-ad9051e5",
                            "description": "ONLY tcp CONNECTION INBOUND",
                            "egress.#": "1",
                            "egress.482069346.cidr_blocks.#": "1",
                            "egress.482069346.cidr_blocks.0": "0.0.0.0/0",
                            "egress.482069346.description": "",
                            "egress.482069346.from_port": "0",
                            "egress.482069346.ipv6_cidr_blocks.#": "0",
                            "egress.482069346.prefix_list_ids.#": "0",
                            "egress.482069346.protocol": "-1",
                            "egress.482069346.security_groups.#": "0",
                            "egress.482069346.self": "false",
                            "egress.482069346.to_port": "0",
                            "id": "sg-ad9051e5",
                            "ingress.#": "3",
                            "ingress.1942279384.cidr_blocks.#": "0",
                            "ingress.1942279384.description": "",
                            "ingress.1942279384.from_port": "3306",
                            "ingress.1942279384.ipv6_cidr_blocks.#": "0",
                            "ingress.1942279384.protocol": "TCP",
                            "ingress.1942279384.security_groups.#": "1",
                            "ingress.1942279384.security_groups.131014964": "sg-79a56431",
                            "ingress.1942279384.self": "false",
                            "ingress.1942279384.to_port": "3306",
                            "ingress.2223400681.cidr_blocks.#": "1",
                            "ingress.2223400681.cidr_blocks.0": "0.0.0.0/0",
                            "ingress.2223400681.description": "",
                            "ingress.2223400681.from_port": "3389",
                            "ingress.2223400681.ipv6_cidr_blocks.#": "0",
                            "ingress.2223400681.protocol": "TCP",
                            "ingress.2223400681.security_groups.#": "0",
                            "ingress.2223400681.self": "false",
                            "ingress.2223400681.to_port": "3389",
                            "ingress.2541437006.cidr_blocks.#": "1",
                            "ingress.2541437006.cidr_blocks.0": "0.0.0.0/0",
                            "ingress.2541437006.description": "",
                            "ingress.2541437006.from_port": "22",
                            "ingress.2541437006.ipv6_cidr_blocks.#": "0",
                            "ingress.2541437006.protocol": "TCP",
                            "ingress.2541437006.security_groups.#": "0",
                            "ingress.2541437006.self": "false",
                            "ingress.2541437006.to_port": "22",
                            "name": "Backend",
                            "owner_id": "346310308399",
                            "revoke_rules_on_delete": "false",
                            "tags.%": "1",
                            "tags.Name": "Backend",
                            "vpc_id": "vpc-11b2956a"
                        },
                        "meta": {
                            "e2bfb730-ecaa-11e6-8f88-34363bc7c4c0": {
                                "create": 600000000000,
                                "delete": 600000000000
                            },
                            "schema_version": "1"
                        },
                        "tainted": false
                    },
                    "deposed": [],
                    "provider": "provider.aws"
                },
                "aws_security_group.FrontEnd": {
                    "type": "aws_security_group",
                    "depends_on": [
                        "aws_vpc.terraformmain"
                    ],
                    "primary": {
                        "id": "sg-79a56431",
                        "attributes": {
                            "arn": "arn:aws:ec2:us-east-1:346310308399:security-group/sg-79a56431",
                            "description": "ONLY HTTP CONNECTION IN-BOUND",
                            "egress.#": "0",
                            "id": "sg-79a56431",
                            "ingress.#": "5",
                            "ingress.1163740523.cidr_blocks.#": "1",
                            "ingress.1163740523.cidr_blocks.0": "0.0.0.0/0",
                            "ingress.1163740523.description": "",
                            "ingress.1163740523.from_port": "3306",
                            "ingress.1163740523.ipv6_cidr_blocks.#": "0",
                            "ingress.1163740523.protocol": "TCP",
                            "ingress.1163740523.security_groups.#": "0",
                            "ingress.1163740523.self": "false",
                            "ingress.1163740523.to_port": "3306",
                            "ingress.2214680975.cidr_blocks.#": "1",
                            "ingress.2214680975.cidr_blocks.0": "0.0.0.0/0",
                            "ingress.2214680975.description": "",
                            "ingress.2214680975.from_port": "80",
                            "ingress.2214680975.ipv6_cidr_blocks.#": "0",
                            "ingress.2214680975.protocol": "TCP",
                            "ingress.2214680975.security_groups.#": "0",
                            "ingress.2214680975.self": "false",
                            "ingress.2214680975.to_port": "80",
                            "ingress.2223400681.cidr_blocks.#": "1",
                            "ingress.2223400681.cidr_blocks.0": "0.0.0.0/0",
                            "ingress.2223400681.description": "",
                            "ingress.2223400681.from_port": "3389",
                            "ingress.2223400681.ipv6_cidr_blocks.#": "0",
                            "ingress.2223400681.protocol": "TCP",
                            "ingress.2223400681.security_groups.#": "0",
                            "ingress.2223400681.self": "false",
                            "ingress.2223400681.to_port": "3389",
                            "ingress.2541437006.cidr_blocks.#": "1",
                            "ingress.2541437006.cidr_blocks.0": "0.0.0.0/0",
                            "ingress.2541437006.description": "",
                            "ingress.2541437006.from_port": "22",
                            "ingress.2541437006.ipv6_cidr_blocks.#": "0",
                            "ingress.2541437006.protocol": "TCP",
                            "ingress.2541437006.security_groups.#": "0",
                            "ingress.2541437006.self": "false",
                            "ingress.2541437006.to_port": "22",
                            "ingress.2617001939.cidr_blocks.#": "1",
                            "ingress.2617001939.cidr_blocks.0": "0.0.0.0/0",
                            "ingress.2617001939.description": "",
                            "ingress.2617001939.from_port": "443",
                            "ingress.2617001939.ipv6_cidr_blocks.#": "0",
                            "ingress.2617001939.protocol": "TCP",
                            "ingress.2617001939.security_groups.#": "0",
                            "ingress.2617001939.self": "false",
                            "ingress.2617001939.to_port": "443",
                            "name": "FrontEnd",
                            "owner_id": "346310308399",
                            "revoke_rules_on_delete": "false",
                            "tags.%": "1",
                            "tags.Name": "FrontEnd",
                            "vpc_id": "vpc-11b2956a"
                        },
                        "meta": {
                            "e2bfb730-ecaa-11e6-8f88-34363bc7c4c0": {
                                "create": 600000000000,
                                "delete": 600000000000
                            },
                            "schema_version": "1"
                        },
                        "tainted": false
                    },
                    "deposed": [],
                    "provider": "provider.aws"
                },
                "aws_security_group.my_db_sg": {
                    "type": "aws_security_group",
                    "depends_on": [
                        "aws_vpc.terraformmain"
                    ],
                    "primary": {
                        "id": "sg-77a6673f",
                        "attributes": {
                            "arn": "arn:aws:ec2:us-east-1:346310308399:security-group/sg-77a6673f",
                            "description": "RDS  servers (terraform-managed)",
                            "egress.#": "1",
                            "egress.482069346.cidr_blocks.#": "1",
                            "egress.482069346.cidr_blocks.0": "0.0.0.0/0",
                            "egress.482069346.description": "",
                            "egress.482069346.from_port": "0",
                            "egress.482069346.ipv6_cidr_blocks.#": "0",
                            "egress.482069346.prefix_list_ids.#": "0",
                            "egress.482069346.protocol": "-1",
                            "egress.482069346.security_groups.#": "0",
                            "egress.482069346.self": "false",
                            "egress.482069346.to_port": "0",
                            "id": "sg-77a6673f",
                            "ingress.#": "1",
                            "ingress.1163740523.cidr_blocks.#": "1",
                            "ingress.1163740523.cidr_blocks.0": "0.0.0.0/0",
                            "ingress.1163740523.description": "",
                            "ingress.1163740523.from_port": "3306",
                            "ingress.1163740523.ipv6_cidr_blocks.#": "0",
                            "ingress.1163740523.protocol": "tcp",
                            "ingress.1163740523.security_groups.#": "0",
                            "ingress.1163740523.self": "false",
                            "ingress.1163740523.to_port": "3306",
                            "name": "my_db_sg",
                            "owner_id": "346310308399",
                            "revoke_rules_on_delete": "false",
                            "tags.%": "0",
                            "vpc_id": "vpc-11b2956a"
                        },
                        "meta": {
                            "e2bfb730-ecaa-11e6-8f88-34363bc7c4c0": {
                                "create": 600000000000,
                                "delete": 600000000000
                            },
                            "schema_version": "1"
                        },
                        "tainted": false
                    },
                    "deposed": [],
                    "provider": "provider.aws"
                },
                "aws_subnet.PrivateAZA": {
                    "type": "aws_subnet",
                    "depends_on": [
                        "aws_vpc.terraformmain",
                        "data.aws_availability_zones.available"
                    ],
                    "primary": {
                        "id": "subnet-888e7ea6",
                        "attributes": {
                            "assign_ipv6_address_on_creation": "false",
                            "availability_zone": "us-east-1b",
                            "cidr_block": "172.28.3.0/24",
                            "id": "subnet-888e7ea6",
                            "map_public_ip_on_launch": "false",
                            "tags.%": "1",
                            "tags.Name": "PublicAZB",
                            "vpc_id": "vpc-11b2956a"
                        },
                        "meta": {
                            "schema_version": "1"
                        },
                        "tainted": false
                    },
                    "deposed": [],
                    "provider": "provider.aws"
                },
                "aws_subnet.PublicAZA": {
                    "type": "aws_subnet",
                    "depends_on": [
                        "aws_vpc.terraformmain",
                        "data.aws_availability_zones.available"
                    ],
                    "primary": {
                        "id": "subnet-4854912f",
                        "attributes": {
                            "assign_ipv6_address_on_creation": "false",
                            "availability_zone": "us-east-1a",
                            "cidr_block": "172.28.0.0/24",
                            "id": "subnet-4854912f",
                            "map_public_ip_on_launch": "false",
                            "tags.%": "1",
                            "tags.Name": "PublicAZA",
                            "vpc_id": "vpc-11b2956a"
                        },
                        "meta": {
                            "schema_version": "1"
                        },
                        "tainted": false
                    },
                    "deposed": [],
                    "provider": "provider.aws"
                },
                "aws_subnet.PublicAZB": {
                    "type": "aws_subnet",
                    "depends_on": [
                        "aws_vpc.terraformmain",
                        "data.aws_availability_zones.available"
                    ],
                    "primary": {
                        "id": "subnet-a2fe0e8c",
                        "attributes": {
                            "assign_ipv6_address_on_creation": "false",
                            "availability_zone": "us-east-1b",
                            "cidr_block": "172.28.1.0/24",
                            "id": "subnet-a2fe0e8c",
                            "map_public_ip_on_launch": "false",
                            "tags.%": "1",
                            "tags.Name": "PublicAZB",
                            "vpc_id": "vpc-11b2956a"
                        },
                        "meta": {
                            "schema_version": "1"
                        },
                        "tainted": false
                    },
                    "deposed": [],
                    "provider": "provider.aws"
                },
                "aws_vpc.terraformmain": {
                    "type": "aws_vpc",
                    "depends_on": [],
                    "primary": {
                        "id": "vpc-11b2956a",
                        "attributes": {
                            "assign_generated_ipv6_cidr_block": "false",
                            "cidr_block": "172.28.0.0/16",
                            "default_network_acl_id": "acl-bfd752c5",
                            "default_route_table_id": "rtb-03f0f97f",
                            "default_security_group_id": "sg-039a5b4b",
                            "dhcp_options_id": "dopt-5a9e6f3e",
                            "enable_classiclink": "false",
                            "enable_classiclink_dns_support": "false",
                            "enable_dns_hostnames": "true",
                            "enable_dns_support": "true",
                            "id": "vpc-11b2956a",
                            "instance_tenancy": "default",
                            "main_route_table_id": "rtb-03f0f97f",
                            "tags.%": "1",
                            "tags.Name": "My terraform vpc"
                        },
                        "meta": {
                            "schema_version": "1"
                        },
                        "tainted": false
                    },
                    "deposed": [],
                    "provider": "provider.aws"
                },
                "data.aws_availability_zones.available": {
                    "type": "aws_availability_zones",
                    "depends_on": [],
                    "primary": {
                        "id": "2018-05-09 17:58:50.151317 +0000 UTC",
                        "attributes": {
                            "id": "2018-05-09 17:58:50.151317 +0000 UTC",
                            "names.#": "6",
                            "names.0": "us-east-1a",
                            "names.1": "us-east-1b",
                            "names.2": "us-east-1c",
                            "names.3": "us-east-1d",
                            "names.4": "us-east-1e",
                            "names.5": "us-east-1f"
                        },
                        "meta": {},
                        "tainted": false
                    },
                    "deposed": [],
                    "provider": "provider.aws"
                },
                "data.aws_iam_policy.ReadOnlyAccess": {
                    "type": "aws_iam_policy",
                    "depends_on": [],
                    "primary": {
                        "id": "arn:aws:iam::aws:policy/AdministratorAccess",
                        "attributes": {
                            "arn": "arn:aws:iam::aws:policy/AdministratorAccess",
                            "description": "Provides full access to AWS services and resources.",
                            "id": "arn:aws:iam::aws:policy/AdministratorAccess",
                            "name": "AdministratorAccess",
                            "path": "/",
                            "policy": "{\n  \"Version\": \"2012-10-17\",\n  \"Statement\": [\n    {\n      \"Effect\": \"Allow\",\n      \"Action\": \"*\",\n      \"Resource\": \"*\"\n    }\n  ]\n}"
                        },
                        "meta": {},
                        "tainted": false
                    },
                    "deposed": [],
                    "provider": "provider.aws"
                }
            },
            "depends_on": []
        }
    ]
}
